// !$*UTF8*$!
{
	archiveVersion = 1;
	classes = {
	};
	objectVersion = 46;
	objects = {

/* Begin PBXBuildFile section */
		48A5CCC61882CEE3000D5841 /* Foundation.framework in Frameworks */ = {isa = PBXBuildFile; fileRef = 48A5CCC51882CEE3000D5841 /* Foundation.framework */; };
		48A5CCC81882CEE3000D5841 /* CoreGraphics.framework in Frameworks */ = {isa = PBXBuildFile; fileRef = 48A5CCC71882CEE3000D5841 /* CoreGraphics.framework */; };
		48A5CCCA1882CEE3000D5841 /* UIKit.framework in Frameworks */ = {isa = PBXBuildFile; fileRef = 48A5CCC91882CEE3000D5841 /* UIKit.framework */; };
		48A5CCD01882CEE3000D5841 /* InfoPlist.strings in Resources */ = {isa = PBXBuildFile; fileRef = 48A5CCCE1882CEE3000D5841 /* InfoPlist.strings */; };
		48A5CCD21882CEE3000D5841 /* main.m in Sources */ = {isa = PBXBuildFile; fileRef = 48A5CCD11882CEE3000D5841 /* main.m */; };
		48A5CCD61882CEE3000D5841 /* MCTAppDelegate.m in Sources */ = {isa = PBXBuildFile; fileRef = 48A5CCD51882CEE3000D5841 /* MCTAppDelegate.m */; };
		48A5CCD91882CEE3000D5841 /* Main.storyboard in Resources */ = {isa = PBXBuildFile; fileRef = 48A5CCD71882CEE3000D5841 /* Main.storyboard */; };
		48A5CCDC1882CEE3000D5841 /* MCTViewController.m in Sources */ = {isa = PBXBuildFile; fileRef = 48A5CCDB1882CEE3000D5841 /* MCTViewController.m */; };
		48A5CCDE1882CEE3000D5841 /* Images.xcassets in Resources */ = {isa = PBXBuildFile; fileRef = 48A5CCDD1882CEE3000D5841 /* Images.xcassets */; };
		48A5CCE51882CEE4000D5841 /* XCTest.framework in Frameworks */ = {isa = PBXBuildFile; fileRef = 48A5CCE41882CEE4000D5841 /* XCTest.framework */; };
		48A5CCE61882CEE4000D5841 /* Foundation.framework in Frameworks */ = {isa = PBXBuildFile; fileRef = 48A5CCC51882CEE3000D5841 /* Foundation.framework */; };
		48A5CCE71882CEE4000D5841 /* UIKit.framework in Frameworks */ = {isa = PBXBuildFile; fileRef = 48A5CCC91882CEE3000D5841 /* UIKit.framework */; };
		48A5CCEF1882CEE4000D5841 /* InfoPlist.strings in Resources */ = {isa = PBXBuildFile; fileRef = 48A5CCED1882CEE4000D5841 /* InfoPlist.strings */; };
		48A5CCF11882CEE4000D5841 /* MorseCodeTrainingTests.m in Sources */ = {isa = PBXBuildFile; fileRef = 48A5CCF01882CEE4000D5841 /* MorseCodeTrainingTests.m */; };
/* End PBXBuildFile section */

/* Begin PBXContainerItemProxy section */
		48A5CCE81882CEE4000D5841 /* PBXContainerItemProxy */ = {
			isa = PBXContainerItemProxy;
			containerPortal = 48A5CCBA1882CEE3000D5841 /* Project object */;
			proxyType = 1;
			remoteGlobalIDString = 48A5CCC11882CEE3000D5841;
			remoteInfo = MorseCodeTraining;
		};
/* End PBXContainerItemProxy section */

/* Begin PBXFileReference section */
		48A5CCC21882CEE3000D5841 /* MorseCodeTraining.app */ = {isa = PBXFileReference; explicitFileType = wrapper.application; includeInIndex = 0; path = MorseCodeTraining.app; sourceTree = BUILT_PRODUCTS_DIR; };
		48A5CCC51882CEE3000D5841 /* Foundation.framework */ = {isa = PBXFileReference; lastKnownFileType = wrapper.framework; name = Foundation.framework; path = System/Library/Frameworks/Foundation.framework; sourceTree = SDKROOT; };
		48A5CCC71882CEE3000D5841 /* CoreGraphics.framework */ = {isa = PBXFileReference; lastKnownFileType = wrapper.framework; name = CoreGraphics.framework; path = System/Library/Frameworks/CoreGraphics.framework; sourceTree = SDKROOT; };
		48A5CCC91882CEE3000D5841 /* UIKit.framework */ = {isa = PBXFileReference; lastKnownFileType = wrapper.framework; name = UIKit.framework; path = System/Library/Frameworks/UIKit.framework; sourceTree = SDKROOT; };
		48A5CCCD1882CEE3000D5841 /* MorseCodeTraining-Info.plist */ = {isa = PBXFileReference; lastKnownFileType = text.plist.xml; path = "MorseCodeTraining-Info.plist"; sourceTree = "<group>"; };
		48A5CCCF1882CEE3000D5841 /* en */ = {isa = PBXFileReference; lastKnownFileType = text.plist.strings; name = en; path = en.lproj/InfoPlist.strings; sourceTree = "<group>"; };
		48A5CCD11882CEE3000D5841 /* main.m */ = {isa = PBXFileReference; lastKnownFileType = sourcecode.c.objc; path = main.m; sourceTree = "<group>"; };
		48A5CCD31882CEE3000D5841 /* MorseCodeTraining-Prefix.pch */ = {isa = PBXFileReference; lastKnownFileType = sourcecode.c.h; path = "MorseCodeTraining-Prefix.pch"; sourceTree = "<group>"; };
		48A5CCD41882CEE3000D5841 /* MCTAppDelegate.h */ = {isa = PBXFileReference; lastKnownFileType = sourcecode.c.h; path = MCTAppDelegate.h; sourceTree = "<group>"; };
		48A5CCD51882CEE3000D5841 /* MCTAppDelegate.m */ = {isa = PBXFileReference; lastKnownFileType = sourcecode.c.objc; path = MCTAppDelegate.m; sourceTree = "<group>"; };
		48A5CCD81882CEE3000D5841 /* Base */ = {isa = PBXFileReference; lastKnownFileType = file.storyboard; name = Base; path = Base.lproj/Main.storyboard; sourceTree = "<group>"; };
		48A5CCDA1882CEE3000D5841 /* MCTViewController.h */ = {isa = PBXFileReference; lastKnownFileType = sourcecode.c.h; path = MCTViewController.h; sourceTree = "<group>"; };
		48A5CCDB1882CEE3000D5841 /* MCTViewController.m */ = {isa = PBXFileReference; lastKnownFileType = sourcecode.c.objc; path = MCTViewController.m; sourceTree = "<group>"; };
		48A5CCDD1882CEE3000D5841 /* Images.xcassets */ = {isa = PBXFileReference; lastKnownFileType = folder.assetcatalog; path = Images.xcassets; sourceTree = "<group>"; };
		48A5CCE31882CEE4000D5841 /* MorseCodeTrainingTests.xctest */ = {isa = PBXFileReference; explicitFileType = wrapper.cfbundle; includeInIndex = 0; path = MorseCodeTrainingTests.xctest; sourceTree = BUILT_PRODUCTS_DIR; };
		48A5CCE41882CEE4000D5841 /* XCTest.framework */ = {isa = PBXFileReference; lastKnownFileType = wrapper.framework; name = XCTest.framework; path = Library/Frameworks/XCTest.framework; sourceTree = DEVELOPER_DIR; };
		48A5CCEC1882CEE4000D5841 /* MorseCodeTrainingTests-Info.plist */ = {isa = PBXFileReference; lastKnownFileType = text.plist.xml; path = "MorseCodeTrainingTests-Info.plist"; sourceTree = "<group>"; };
		48A5CCEE1882CEE4000D5841 /* en */ = {isa = PBXFileReference; lastKnownFileType = text.plist.strings; name = en; path = en.lproj/InfoPlist.strings; sourceTree = "<group>"; };
		48A5CCF01882CEE4000D5841 /* MorseCodeTrainingTests.m */ = {isa = PBXFileReference; lastKnownFileType = sourcecode.c.objc; path = MorseCodeTrainingTests.m; sourceTree = "<group>"; };
/* End PBXFileReference section */

/* Begin PBXFrameworksBuildPhase section */
		48A5CCBF1882CEE3000D5841 /* Frameworks */ = {
			isa = PBXFrameworksBuildPhase;
			buildActionMask = 2147483647;
			files = (
				48A5CCC81882CEE3000D5841 /* CoreGraphics.framework in Frameworks */,
				48A5CCCA1882CEE3000D5841 /* UIKit.framework in Frameworks */,
				48A5CCC61882CEE3000D5841 /* Foundation.framework in Frameworks */,
			);
			runOnlyForDeploymentPostprocessing = 0;
		};
		48A5CCE01882CEE4000D5841 /* Frameworks */ = {
			isa = PBXFrameworksBuildPhase;
			buildActionMask = 2147483647;
			files = (
				48A5CCE51882CEE4000D5841 /* XCTest.framework in Frameworks */,
				48A5CCE71882CEE4000D5841 /* UIKit.framework in Frameworks */,
				48A5CCE61882CEE4000D5841 /* Foundation.framework in Frameworks */,
			);
			runOnlyForDeploymentPostprocessing = 0;
		};
/* End PBXFrameworksBuildPhase section */

/* Begin PBXGroup section */
		48A5CCB91882CEE3000D5841 = {
			isa = PBXGroup;
			children = (
				48A5CCCB1882CEE3000D5841 /* MorseCodeTraining */,
				48A5CCEA1882CEE4000D5841 /* MorseCodeTrainingTests */,
				48A5CCC41882CEE3000D5841 /* Frameworks */,
				48A5CCC31882CEE3000D5841 /* Products */,
			);
			sourceTree = "<group>";
		};
		48A5CCC31882CEE3000D5841 /* Products */ = {
			isa = PBXGroup;
			children = (
				48A5CCC21882CEE3000D5841 /* MorseCodeTraining.app */,
				48A5CCE31882CEE4000D5841 /* MorseCodeTrainingTests.xctest */,
			);
			name = Products;
			sourceTree = "<group>";
		};
		48A5CCC41882CEE3000D5841 /* Frameworks */ = {
			isa = PBXGroup;
			children = (
				48A5CCC51882CEE3000D5841 /* Foundation.framework */,
				48A5CCC71882CEE3000D5841 /* CoreGraphics.framework */,
				48A5CCC91882CEE3000D5841 /* UIKit.framework */,
				48A5CCE41882CEE4000D5841 /* XCTest.framework */,
			);
			name = Frameworks;
			sourceTree = "<group>";
		};
		48A5CCCB1882CEE3000D5841 /* MorseCodeTraining */ = {
			isa = PBXGroup;
			children = (
				48A5CCD41882CEE3000D5841 /* MCTAppDelegate.h */,
				48A5CCD51882CEE3000D5841 /* MCTAppDelegate.m */,
				48A5CCD71882CEE3000D5841 /* Main.storyboard */,
				48A5CCDA1882CEE3000D5841 /* MCTViewController.h */,
				48A5CCDB1882CEE3000D5841 /* MCTViewController.m */,
				48A5CCDD1882CEE3000D5841 /* Images.xcassets */,
				48A5CCCC1882CEE3000D5841 /* Supporting Files */,
			);
			path = MorseCodeTraining;
			sourceTree = "<group>";
		};
		48A5CCCC1882CEE3000D5841 /* Supporting Files */ = {
			isa = PBXGroup;
			children = (
				48A5CCCD1882CEE3000D5841 /* MorseCodeTraining-Info.plist */,
				48A5CCCE1882CEE3000D5841 /* InfoPlist.strings */,
				48A5CCD11882CEE3000D5841 /* main.m */,
				48A5CCD31882CEE3000D5841 /* MorseCodeTraining-Prefix.pch */,
			);
			name = "Supporting Files";
			sourceTree = "<group>";
		};
		48A5CCEA1882CEE4000D5841 /* MorseCodeTrainingTests */ = {
			isa = PBXGroup;
			children = (
				48A5CCF01882CEE4000D5841 /* MorseCodeTrainingTests.m */,
				48A5CCEB1882CEE4000D5841 /* Supporting Files */,
			);
			path = MorseCodeTrainingTests;
			sourceTree = "<group>";
		};
		48A5CCEB1882CEE4000D5841 /* Supporting Files */ = {
			isa = PBXGroup;
			children = (
				48A5CCEC1882CEE4000D5841 /* MorseCodeTrainingTests-Info.plist */,
				48A5CCED1882CEE4000D5841 /* InfoPlist.strings */,
			);
			name = "Supporting Files";
			sourceTree = "<group>";
		};
/* End PBXGroup section */

/* Begin PBXNativeTarget section */
		48A5CCC11882CEE3000D5841 /* MorseCodeTraining */ = {
			isa = PBXNativeTarget;
			buildConfigurationList = 48A5CCF41882CEE4000D5841 /* Build configuration list for PBXNativeTarget "MorseCodeTraining" */;
			buildPhases = (
				48A5CCBE1882CEE3000D5841 /* Sources */,
				48A5CCBF1882CEE3000D5841 /* Frameworks */,
				48A5CCC01882CEE3000D5841 /* Resources */,
			);
			buildRules = (
			);
			dependencies = (
			);
			name = MorseCodeTraining;
			productName = MorseCodeTraining;
			productReference = 48A5CCC21882CEE3000D5841 /* MorseCodeTraining.app */;
			productType = "com.apple.product-type.application";
		};
		48A5CCE21882CEE4000D5841 /* MorseCodeTrainingTests */ = {
			isa = PBXNativeTarget;
			buildConfigurationList = 48A5CCF71882CEE4000D5841 /* Build configuration list for PBXNativeTarget "MorseCodeTrainingTests" */;
			buildPhases = (
				48A5CCDF1882CEE4000D5841 /* Sources */,
				48A5CCE01882CEE4000D5841 /* Frameworks */,
				48A5CCE11882CEE4000D5841 /* Resources */,
			);
			buildRules = (
			);
			dependencies = (
				48A5CCE91882CEE4000D5841 /* PBXTargetDependency */,
			);
			name = MorseCodeTrainingTests;
			productName = MorseCodeTrainingTests;
			productReference = 48A5CCE31882CEE4000D5841 /* MorseCodeTrainingTests.xctest */;
			productType = "com.apple.product-type.bundle.unit-test";
		};
/* End PBXNativeTarget section */

/* Begin PBXProject section */
		48A5CCBA1882CEE3000D5841 /* Project object */ = {
			isa = PBXProject;
			attributes = {
				CLASSPREFIX = MCT;
				LastUpgradeCheck = 0500;
				ORGANIZATIONNAME = "Suzuki Kouhei";
				TargetAttributes = {
					48A5CCE21882CEE4000D5841 = {
						TestTargetID = 48A5CCC11882CEE3000D5841;
					};
				};
			};
			buildConfigurationList = 48A5CCBD1882CEE3000D5841 /* Build configuration list for PBXProject "MorseCodeTraining" */;
			compatibilityVersion = "Xcode 3.2";
			developmentRegion = English;
			hasScannedForEncodings = 0;
			knownRegions = (
				en,
				Base,
			);
			mainGroup = 48A5CCB91882CEE3000D5841;
			productRefGroup = 48A5CCC31882CEE3000D5841 /* Products */;
			projectDirPath = "";
			projectRoot = "";
			targets = (
				48A5CCC11882CEE3000D5841 /* MorseCodeTraining */,
				48A5CCE21882CEE4000D5841 /* MorseCodeTrainingTests */,
			);
		};
/* End PBXProject section */

/* Begin PBXResourcesBuildPhase section */
		48A5CCC01882CEE3000D5841 /* Resources */ = {
			isa = PBXResourcesBuildPhase;
			buildActionMask = 2147483647;
			files = (
				48A5CCDE1882CEE3000D5841 /* Images.xcassets in Resources */,
				48A5CCD01882CEE3000D5841 /* InfoPlist.strings in Resources */,
				48A5CCD91882CEE3000D5841 /* Main.storyboard in Resources */,
			);
			runOnlyForDeploymentPostprocessing = 0;
		};
		48A5CCE11882CEE4000D5841 /* Resources */ = {
			isa = PBXResourcesBuildPhase;
			buildActionMask = 2147483647;
			files = (
				48A5CCEF1882CEE4000D5841 /* InfoPlist.strings in Resources */,
			);
			runOnlyForDeploymentPostprocessing = 0;
		};
/* End PBXResourcesBuildPhase section */

/* Begin PBXSourcesBuildPhase section */
		48A5CCBE1882CEE3000D5841 /* Sources */ = {
			isa = PBXSourcesBuildPhase;
			buildActionMask = 2147483647;
			files = (
				48A5CCD21882CEE3000D5841 /* main.m in Sources */,
				48A5CCDC1882CEE3000D5841 /* MCTViewController.m in Sources */,
				48A5CCD61882CEE3000D5841 /* MCTAppDelegate.m in Sources */,
			);
			runOnlyForDeploymentPostprocessing = 0;
		};
		48A5CCDF1882CEE4000D5841 /* Sources */ = {
			isa = PBXSourcesBuildPhase;
			buildActionMask = 2147483647;
			files = (
				48A5CCF11882CEE4000D5841 /* MorseCodeTrainingTests.m in Sources */,
			);
			runOnlyForDeploymentPostprocessing = 0;
		};
/* End PBXSourcesBuildPhase section */

/* Begin PBXTargetDependency section */
		48A5CCE91882CEE4000D5841 /* PBXTargetDependency */ = {
			isa = PBXTargetDependency;
			target = 48A5CCC11882CEE3000D5841 /* MorseCodeTraining */;
			targetProxy = 48A5CCE81882CEE4000D5841 /* PBXContainerItemProxy */;
		};
/* End PBXTargetDependency section */

/* Begin PBXVariantGroup section */
		48A5CCCE1882CEE3000D5841 /* InfoPlist.strings */ = {
			isa = PBXVariantGroup;
			children = (
				48A5CCCF1882CEE3000D5841 /* en */,
			);
			name = InfoPlist.strings;
			sourceTree = "<group>";
		};
		48A5CCD71882CEE3000D5841 /* Main.storyboard */ = {
			isa = PBXVariantGroup;
			children = (
				48A5CCD81882CEE3000D5841 /* Base */,
			);
			name = Main.storyboard;
			sourceTree = "<group>";
		};
		48A5CCED1882CEE4000D5841 /* InfoPlist.strings */ = {
			isa = PBXVariantGroup;
			children = (
				48A5CCEE1882CEE4000D5841 /* en */,
			);
			name = InfoPlist.strings;
			sourceTree = "<group>";
		};
/* End PBXVariantGroup section */

/* Begin XCBuildConfiguration section */
		48A5CCF21882CEE4000D5841 /* Debug */ = {
			isa = XCBuildConfiguration;
			buildSettings = {
				ALWAYS_SEARCH_USER_PATHS = NO;
				ARCHS = "$(ARCHS_STANDARD_INCLUDING_64_BIT)";
				CLANG_CXX_LANGUAGE_STANDARD = "gnu++0x";
				CLANG_CXX_LIBRARY = "libc++";
				CLANG_ENABLE_MODULES = YES;
				CLANG_ENABLE_OBJC_ARC = YES;
				CLANG_WARN_BOOL_CONVERSION = YES;
				CLANG_WARN_CONSTANT_CONVERSION = YES;
				CLANG_WARN_DIRECT_OBJC_ISA_USAGE = YES_ERROR;
				CLANG_WARN_EMPTY_BODY = YES;
				CLANG_WARN_ENUM_CONVERSION = YES;
				CLANG_WARN_INT_CONVERSION = YES;
				CLANG_WARN_OBJC_ROOT_CLASS = YES_ERROR;
				CLANG_WARN__DUPLICATE_METHOD_MATCH = YES;
				"CODE_SIGN_IDENTITY[sdk=iphoneos*]" = "iPhone Developer";
				COPY_PHASE_STRIP = NO;
				GCC_C_LANGUAGE_STANDARD = gnu99;
				GCC_DYNAMIC_NO_PIC = NO;
				GCC_OPTIMIZATION_LEVEL = 0;
				GCC_PREPROCESSOR_DEFINITIONS = (
					"DEBUG=1",
					"$(inherited)",
				);
				GCC_SYMBOLS_PRIVATE_EXTERN = NO;
				GCC_WARN_64_TO_32_BIT_CONVERSION = YES;
				GCC_WARN_ABOUT_RETURN_TYPE = YES_ERROR;
				GCC_WARN_UNDECLARED_SELECTOR = YES;
				GCC_WARN_UNINITIALIZED_AUTOS = YES;
				GCC_WARN_UNUSED_FUNCTION = YES;
				GCC_WARN_UNUSED_VARIABLE = YES;
				IPHONEOS_DEPLOYMENT_TARGET = 7.0;
				ONLY_ACTIVE_ARCH = YES;
				SDKROOT = iphoneos;
			};
			name = Debug;
		};
		48A5CCF31882CEE4000D5841 /* Release */ = {
			isa = XCBuildConfiguration;
			buildSettings = {
				ALWAYS_SEARCH_USER_PATHS = NO;
				ARCHS = "$(ARCHS_STANDARD_INCLUDING_64_BIT)";
				CLANG_CXX_LANGUAGE_STANDARD = "gnu++0x";
				CLANG_CXX_LIBRARY = "libc++";
				CLANG_ENABLE_MODULES = YES;
				CLANG_ENABLE_OBJC_ARC = YES;
				CLANG_WARN_BOOL_CONVERSION = YES;
				CLANG_WARN_CONSTANT_CONVERSION = YES;
				CLANG_WARN_DIRECT_OBJC_ISA_USAGE = YES_ERROR;
				CLANG_WARN_EMPTY_BODY = YES;
				CLANG_WARN_ENUM_CONVERSION = YES;
				CLANG_WARN_INT_CONVERSION = YES;
				CLANG_WARN_OBJC_ROOT_CLASS = YES_ERROR;
				CLANG_WARN__DUPLICATE_METHOD_MATCH = YES;
				"CODE_SIGN_IDENTITY[sdk=iphoneos*]" = "iPhone Developer";
				COPY_PHASE_STRIP = YES;
				ENABLE_NS_ASSERTIONS = NO;
				GCC_C_LANGUAGE_STANDARD = gnu99;
				GCC_WARN_64_TO_32_BIT_CONVERSION = YES;
				GCC_WARN_ABOUT_RETURN_TYPE = YES_ERROR;
				GCC_WARN_UNDECLARED_SELECTOR = YES;
				GCC_WARN_UNINITIALIZED_AUTOS = YES;
				GCC_WARN_UNUSED_FUNCTION = YES;
				GCC_WARN_UNUSED_VARIABLE = YES;
				IPHONEOS_DEPLOYMENT_TARGET = 7.0;
				SDKROOT = iphoneos;
				VALIDATE_PRODUCT = YES;
			};
			name = Release;
		};
		48A5CCF51882CEE4000D5841 /* Debug */ = {
			isa = XCBuildConfiguration;
			buildSettings = {
				ASSETCATALOG_COMPILER_APPICON_NAME = AppIcon;
				ASSETCATALOG_COMPILER_LAUNCHIMAGE_NAME = LaunchImage;
				GCC_PRECOMPILE_PREFIX_HEADER = YES;
				GCC_PREFIX_HEADER = "MorseCodeTraining/MorseCodeTraining-Prefix.pch";
				INFOPLIST_FILE = "MorseCodeTraining/MorseCodeTraining-Info.plist";
				PRODUCT_NAME = "$(TARGET_NAME)";
				WRAPPER_EXTENSION = app;
			};
			name = Debug;
		};
		48A5CCF61882CEE4000D5841 /* Release */ = {
			isa = XCBuildConfiguration;
			buildSettings = {
				ASSETCATALOG_COMPILER_APPICON_NAME = AppIcon;
				ASSETCATALOG_COMPILER_LAUNCHIMAGE_NAME = LaunchImage;
				GCC_PRECOMPILE_PREFIX_HEADER = YES;
				GCC_PREFIX_HEADER = "MorseCodeTraining/MorseCodeTraining-Prefix.pch";
				INFOPLIST_FILE = "MorseCodeTraining/MorseCodeTraining-Info.plist";
				PRODUCT_NAME = "$(TARGET_NAME)";
				WRAPPER_EXTENSION = app;
			};
			name = Release;
		};
		48A5CCF81882CEE4000D5841 /* Debug */ = {
			isa = XCBuildConfiguration;
			buildSettings = {
				ARCHS = "$(ARCHS_STANDARD_INCLUDING_64_BIT)";
				BUNDLE_LOADER = "$(BUILT_PRODUCTS_DIR)/MorseCodeTraining.app/MorseCodeTraining";
				FRAMEWORK_SEARCH_PATHS = (
					"$(SDKROOT)/Developer/Library/Frameworks",
					"$(inherited)",
					"$(DEVELOPER_FRAMEWORKS_DIR)",
				);
				GCC_PRECOMPILE_PREFIX_HEADER = YES;
				GCC_PREFIX_HEADER = "MorseCodeTraining/MorseCodeTraining-Prefix.pch";
				GCC_PREPROCESSOR_DEFINITIONS = (
					"DEBUG=1",
					"$(inherited)",
				);
				INFOPLIST_FILE = "MorseCodeTrainingTests/MorseCodeTrainingTests-Info.plist";
				PRODUCT_NAME = "$(TARGET_NAME)";
				TEST_HOST = "$(BUNDLE_LOADER)";
				WRAPPER_EXTENSION = xctest;
			};
			name = Debug;
		};
		48A5CCF91882CEE4000D5841 /* Release */ = {
			isa = XCBuildConfiguration;
			buildSettings = {
				ARCHS = "$(ARCHS_STANDARD_INCLUDING_64_BIT)";
				BUNDLE_LOADER = "$(BUILT_PRODUCTS_DIR)/MorseCodeTraining.app/MorseCodeTraining";
				FRAMEWORK_SEARCH_PATHS = (
					"$(SDKROOT)/Developer/Library/Frameworks",
					"$(inherited)",
					"$(DEVELOPER_FRAMEWORKS_DIR)",
				);
				GCC_PRECOMPILE_PREFIX_HEADER = YES;
				GCC_PREFIX_HEADER = "MorseCodeTraining/MorseCodeTraining-Prefix.pch";
				INFOPLIST_FILE = "MorseCodeTrainingTests/MorseCodeTrainingTests-Info.plist";
				PRODUCT_NAME = "$(TARGET_NAME)";
				TEST_HOST = "$(BUNDLE_LOADER)";
				WRAPPER_EXTENSION = xctest;
			};
			name = Release;
		};
/* End XCBuildConfiguration section */

/* Begin XCConfigurationList section */
		48A5CCBD1882CEE3000D5841 /* Build configuration list for PBXProject "MorseCodeTraining" */ = {
			isa = XCConfigurationList;
			buildConfigurations = (
				48A5CCF21882CEE4000D5841 /* Debug */,
				48A5CCF31882CEE4000D5841 /* Release */,
			);
			defaultConfigurationIsVisible = 0;
			defaultConfigurationName = Release;
		};
		48A5CCF41882CEE4000D5841 /* Build configuration list for PBXNativeTarget "MorseCodeTraining" */ = {
			isa = XCConfigurationList;
			buildConfigurations = (
				48A5CCF51882CEE4000D5841 /* Debug */,
				48A5CCF61882CEE4000D5841 /* Release */,
			);
			defaultConfigurationIsVisible = 0;
		};
		48A5CCF71882CEE4000D5841 /* Build configuration list for PBXNativeTarget "MorseCodeTrainingTests" */ = {
			isa = XCConfigurationList;
			buildConfigurations = (
				48A5CCF81882CEE4000D5841 /* Debug */,
				48A5CCF91882CEE4000D5841 /* Release */,
			);
			defaultConfigurationIsVisible = 0;
		};
/* End XCConfigurationList section */
	};
	rootObject = 48A5CCBA1882CEE3000D5841 /* Project object */;
}
