// !$*UTF8*$!
{
	archiveVersion = 1;
	classes = {
	};
	objectVersion = 46;
	objects = {

/* Begin PBXBuildFile section */
		481258E818993D4B00CE1A99 /* MCTTabBarController.m in Sources */ = {isa = PBXBuildFile; fileRef = 481258E718993D4B00CE1A99 /* MCTTabBarController.m */; };
		481297E5189C9E0600438DAB /* Main.storyboard in Resources */ = {isa = PBXBuildFile; fileRef = 481297E2189C9E0600438DAB /* Main.storyboard */; };
		481297E6189C9E0600438DAB /* Receive.storyboard in Resources */ = {isa = PBXBuildFile; fileRef = 481297E3189C9E0600438DAB /* Receive.storyboard */; };
		481297E7189C9E0600438DAB /* Setting.storyboard in Resources */ = {isa = PBXBuildFile; fileRef = 481297E4189C9E0600438DAB /* Setting.storyboard */; };
		481297F8189C9E1500438DAB /* back_fill@2x.png in Resources */ = {isa = PBXBuildFile; fileRef = 481297E8189C9E1400438DAB /* back_fill@2x.png */; };
		481297F9189C9E1500438DAB /* back@2x.png in Resources */ = {isa = PBXBuildFile; fileRef = 481297E9189C9E1400438DAB /* back@2x.png */; };
		481297FA189C9E1500438DAB /* back5s_filled@2x.png in Resources */ = {isa = PBXBuildFile; fileRef = 481297EA189C9E1500438DAB /* back5s_filled@2x.png */; };
		481297FB189C9E1500438DAB /* back5s@2x.png in Resources */ = {isa = PBXBuildFile; fileRef = 481297EB189C9E1500438DAB /* back5s@2x.png */; };
		481297FC189C9E1500438DAB /* config_fill@2x.png in Resources */ = {isa = PBXBuildFile; fileRef = 481297EC189C9E1500438DAB /* config_fill@2x.png */; };
		481297FD189C9E1500438DAB /* config@2x.png in Resources */ = {isa = PBXBuildFile; fileRef = 481297ED189C9E1500438DAB /* config@2x.png */; };
		481297FE189C9E1500438DAB /* next_fill@2x.png in Resources */ = {isa = PBXBuildFile; fileRef = 481297EE189C9E1500438DAB /* next_fill@2x.png */; };
		481297FF189C9E1500438DAB /* next@2x.png in Resources */ = {isa = PBXBuildFile; fileRef = 481297EF189C9E1500438DAB /* next@2x.png */; };
		48129800189C9E1500438DAB /* pause_fill@2x.png in Resources */ = {isa = PBXBuildFile; fileRef = 481297F0189C9E1500438DAB /* pause_fill@2x.png */; };
		48129801189C9E1500438DAB /* pause@2x.png in Resources */ = {isa = PBXBuildFile; fileRef = 481297F1189C9E1500438DAB /* pause@2x.png */; };
		48129802189C9E1500438DAB /* play_fill@2x.png in Resources */ = {isa = PBXBuildFile; fileRef = 481297F2189C9E1500438DAB /* play_fill@2x.png */; };
		48129803189C9E1500438DAB /* play@2x.png in Resources */ = {isa = PBXBuildFile; fileRef = 481297F3189C9E1500438DAB /* play@2x.png */; };
		48129804189C9E1500438DAB /* receive_fill@2x.png in Resources */ = {isa = PBXBuildFile; fileRef = 481297F4189C9E1500438DAB /* receive_fill@2x.png */; };
		48129805189C9E1500438DAB /* receive@2x.png in Resources */ = {isa = PBXBuildFile; fileRef = 481297F5189C9E1500438DAB /* receive@2x.png */; };
		48129806189C9E1500438DAB /* repeat_fill@2x.png in Resources */ = {isa = PBXBuildFile; fileRef = 481297F6189C9E1500438DAB /* repeat_fill@2x.png */; };
		48129807189C9E1500438DAB /* repeat@2x.png in Resources */ = {isa = PBXBuildFile; fileRef = 481297F7189C9E1500438DAB /* repeat@2x.png */; };
		4812980A189D290F00438DAB /* MCTSoundManager.m in Sources */ = {isa = PBXBuildFile; fileRef = 48129809189D290F00438DAB /* MCTSoundManager.m */; };
		4884443118A77AFA00F8C82B /* MCTSwitchTableViewCell.m in Sources */ = {isa = PBXBuildFile; fileRef = 4884443018A77AFA00F8C82B /* MCTSwitchTableViewCell.m */; };
		4884443318A77C5500F8C82B /* MCTSwitchTableViewCell.xib in Resources */ = {isa = PBXBuildFile; fileRef = 4884443218A77C5500F8C82B /* MCTSwitchTableViewCell.xib */; };
		4884443A18A7865300F8C82B /* MCTAlphabetViewController.m in Sources */ = {isa = PBXBuildFile; fileRef = 4884443918A7865300F8C82B /* MCTAlphabetViewController.m */; };
		48A5CCC61882CEE3000D5841 /* Foundation.framework in Frameworks */ = {isa = PBXBuildFile; fileRef = 48A5CCC51882CEE3000D5841 /* Foundation.framework */; };
		48A5CCC81882CEE3000D5841 /* CoreGraphics.framework in Frameworks */ = {isa = PBXBuildFile; fileRef = 48A5CCC71882CEE3000D5841 /* CoreGraphics.framework */; };
		48A5CCCA1882CEE3000D5841 /* UIKit.framework in Frameworks */ = {isa = PBXBuildFile; fileRef = 48A5CCC91882CEE3000D5841 /* UIKit.framework */; };
		48A5CCD01882CEE3000D5841 /* InfoPlist.strings in Resources */ = {isa = PBXBuildFile; fileRef = 48A5CCCE1882CEE3000D5841 /* InfoPlist.strings */; };
		48A5CCD21882CEE3000D5841 /* main.m in Sources */ = {isa = PBXBuildFile; fileRef = 48A5CCD11882CEE3000D5841 /* main.m */; };
		48A5CCD61882CEE3000D5841 /* MCTAppDelegate.m in Sources */ = {isa = PBXBuildFile; fileRef = 48A5CCD51882CEE3000D5841 /* MCTAppDelegate.m */; };
		48A5CCDC1882CEE3000D5841 /* MCTReceiveViewController.m in Sources */ = {isa = PBXBuildFile; fileRef = 48A5CCDB1882CEE3000D5841 /* MCTReceiveViewController.m */; };
		48A5CCDE1882CEE3000D5841 /* Images.xcassets in Resources */ = {isa = PBXBuildFile; fileRef = 48A5CCDD1882CEE3000D5841 /* Images.xcassets */; };
		48A5CCE51882CEE4000D5841 /* XCTest.framework in Frameworks */ = {isa = PBXBuildFile; fileRef = 48A5CCE41882CEE4000D5841 /* XCTest.framework */; };
		48A5CCE61882CEE4000D5841 /* Foundation.framework in Frameworks */ = {isa = PBXBuildFile; fileRef = 48A5CCC51882CEE3000D5841 /* Foundation.framework */; };
		48A5CCE71882CEE4000D5841 /* UIKit.framework in Frameworks */ = {isa = PBXBuildFile; fileRef = 48A5CCC91882CEE3000D5841 /* UIKit.framework */; };
		48A5CCEF1882CEE4000D5841 /* InfoPlist.strings in Resources */ = {isa = PBXBuildFile; fileRef = 48A5CCED1882CEE4000D5841 /* InfoPlist.strings */; };
		48A5CCF11882CEE4000D5841 /* MorseCodeTrainingTests.m in Sources */ = {isa = PBXBuildFile; fileRef = 48A5CCF01882CEE4000D5841 /* MorseCodeTrainingTests.m */; };
		48A5CCFE188434F7000D5841 /* NSString+MorseCode.m in Sources */ = {isa = PBXBuildFile; fileRef = 48A5CCFD188434F7000D5841 /* NSString+MorseCode.m */; };
		48A5CD08188A828B000D5841 /* MCTMorseSound.m in Sources */ = {isa = PBXBuildFile; fileRef = 48A5CD07188A828B000D5841 /* MCTMorseSound.m */; };
		48A5CD09188A828B000D5841 /* MCTMorseSound.m in Sources */ = {isa = PBXBuildFile; fileRef = 48A5CD07188A828B000D5841 /* MCTMorseSound.m */; };
		48A5CD0E188A82DB000D5841 /* NSString+MorseCode.m in Sources */ = {isa = PBXBuildFile; fileRef = 48A5CCFD188434F7000D5841 /* NSString+MorseCode.m */; };
		48A5CD10188BC297000D5841 /* AVFoundation.framework in Frameworks */ = {isa = PBXBuildFile; fileRef = 48A5CD0F188BC297000D5841 /* AVFoundation.framework */; };
		48A5CD17188C2B96000D5841 /* MCTReceiveViewController.m in Sources */ = {isa = PBXBuildFile; fileRef = 48A5CCDB1882CEE3000D5841 /* MCTReceiveViewController.m */; };
		48A5CD1A188C2F54000D5841 /* MCTSettingViewController.m in Sources */ = {isa = PBXBuildFile; fileRef = 48A5CD19188C2F54000D5841 /* MCTSettingViewController.m */; };
		48A5CD1B188C2F54000D5841 /* MCTSettingViewController.m in Sources */ = {isa = PBXBuildFile; fileRef = 48A5CD19188C2F54000D5841 /* MCTSettingViewController.m */; };
		B7550C5ECC7A449ABACE6F2C /* libPods.a in Frameworks */ = {isa = PBXBuildFile; fileRef = 626328A1DD38415E91FF4408 /* libPods.a */; };
/* End PBXBuildFile section */

/* Begin PBXContainerItemProxy section */
		48A5CCE81882CEE4000D5841 /* PBXContainerItemProxy */ = {
			isa = PBXContainerItemProxy;
			containerPortal = 48A5CCBA1882CEE3000D5841 /* Project object */;
			proxyType = 1;
			remoteGlobalIDString = 48A5CCC11882CEE3000D5841;
			remoteInfo = MorseCodeTraining;
		};
/* End PBXContainerItemProxy section */

/* Begin PBXFileReference section */
		42632E9AA3834F6D9EFC077C /* Pods.xcconfig */ = {isa = PBXFileReference; includeInIndex = 1; lastKnownFileType = text.xcconfig; name = Pods.xcconfig; path = Pods/Pods.xcconfig; sourceTree = "<group>"; };
		481258E618993D4B00CE1A99 /* MCTTabBarController.h */ = {isa = PBXFileReference; fileEncoding = 4; lastKnownFileType = sourcecode.c.h; path = MCTTabBarController.h; sourceTree = "<group>"; };
		481258E718993D4B00CE1A99 /* MCTTabBarController.m */ = {isa = PBXFileReference; fileEncoding = 4; lastKnownFileType = sourcecode.c.objc; path = MCTTabBarController.m; sourceTree = "<group>"; };
		481297E2189C9E0600438DAB /* Main.storyboard */ = {isa = PBXFileReference; fileEncoding = 4; lastKnownFileType = file.storyboard; name = Main.storyboard; path = Resources/Storyboards/Main.storyboard; sourceTree = "<group>"; };
		481297E3189C9E0600438DAB /* Receive.storyboard */ = {isa = PBXFileReference; fileEncoding = 4; lastKnownFileType = file.storyboard; name = Receive.storyboard; path = Resources/Storyboards/Receive.storyboard; sourceTree = "<group>"; };
		481297E4189C9E0600438DAB /* Setting.storyboard */ = {isa = PBXFileReference; fileEncoding = 4; lastKnownFileType = file.storyboard; name = Setting.storyboard; path = Resources/Storyboards/Setting.storyboard; sourceTree = "<group>"; };
		481297E8189C9E1400438DAB /* back_fill@2x.png */ = {isa = PBXFileReference; lastKnownFileType = image.png; name = "back_fill@2x.png"; path = "Resources/Images/icons/back_fill@2x.png"; sourceTree = "<group>"; };
		481297E9189C9E1400438DAB /* back@2x.png */ = {isa = PBXFileReference; lastKnownFileType = image.png; name = "back@2x.png"; path = "Resources/Images/icons/back@2x.png"; sourceTree = "<group>"; };
		481297EA189C9E1500438DAB /* back5s_filled@2x.png */ = {isa = PBXFileReference; lastKnownFileType = image.png; name = "back5s_filled@2x.png"; path = "Resources/Images/icons/back5s_filled@2x.png"; sourceTree = "<group>"; };
		481297EB189C9E1500438DAB /* back5s@2x.png */ = {isa = PBXFileReference; lastKnownFileType = image.png; name = "back5s@2x.png"; path = "Resources/Images/icons/back5s@2x.png"; sourceTree = "<group>"; };
		481297EC189C9E1500438DAB /* config_fill@2x.png */ = {isa = PBXFileReference; lastKnownFileType = image.png; name = "config_fill@2x.png"; path = "Resources/Images/icons/config_fill@2x.png"; sourceTree = "<group>"; };
		481297ED189C9E1500438DAB /* config@2x.png */ = {isa = PBXFileReference; lastKnownFileType = image.png; name = "config@2x.png"; path = "Resources/Images/icons/config@2x.png"; sourceTree = "<group>"; };
		481297EE189C9E1500438DAB /* next_fill@2x.png */ = {isa = PBXFileReference; lastKnownFileType = image.png; name = "next_fill@2x.png"; path = "Resources/Images/icons/next_fill@2x.png"; sourceTree = "<group>"; };
		481297EF189C9E1500438DAB /* next@2x.png */ = {isa = PBXFileReference; lastKnownFileType = image.png; name = "next@2x.png"; path = "Resources/Images/icons/next@2x.png"; sourceTree = "<group>"; };
		481297F0189C9E1500438DAB /* pause_fill@2x.png */ = {isa = PBXFileReference; lastKnownFileType = image.png; name = "pause_fill@2x.png"; path = "Resources/Images/icons/pause_fill@2x.png"; sourceTree = "<group>"; };
		481297F1189C9E1500438DAB /* pause@2x.png */ = {isa = PBXFileReference; lastKnownFileType = image.png; name = "pause@2x.png"; path = "Resources/Images/icons/pause@2x.png"; sourceTree = "<group>"; };
		481297F2189C9E1500438DAB /* play_fill@2x.png */ = {isa = PBXFileReference; lastKnownFileType = image.png; name = "play_fill@2x.png"; path = "Resources/Images/icons/play_fill@2x.png"; sourceTree = "<group>"; };
		481297F3189C9E1500438DAB /* play@2x.png */ = {isa = PBXFileReference; lastKnownFileType = image.png; name = "play@2x.png"; path = "Resources/Images/icons/play@2x.png"; sourceTree = "<group>"; };
		481297F4189C9E1500438DAB /* receive_fill@2x.png */ = {isa = PBXFileReference; lastKnownFileType = image.png; name = "receive_fill@2x.png"; path = "Resources/Images/icons/receive_fill@2x.png"; sourceTree = "<group>"; };
		481297F5189C9E1500438DAB /* receive@2x.png */ = {isa = PBXFileReference; lastKnownFileType = image.png; name = "receive@2x.png"; path = "Resources/Images/icons/receive@2x.png"; sourceTree = "<group>"; };
		481297F6189C9E1500438DAB /* repeat_fill@2x.png */ = {isa = PBXFileReference; lastKnownFileType = image.png; name = "repeat_fill@2x.png"; path = "Resources/Images/icons/repeat_fill@2x.png"; sourceTree = "<group>"; };
		481297F7189C9E1500438DAB /* repeat@2x.png */ = {isa = PBXFileReference; lastKnownFileType = image.png; name = "repeat@2x.png"; path = "Resources/Images/icons/repeat@2x.png"; sourceTree = "<group>"; };
		48129808189D290F00438DAB /* MCTSoundManager.h */ = {isa = PBXFileReference; fileEncoding = 4; lastKnownFileType = sourcecode.c.h; path = MCTSoundManager.h; sourceTree = "<group>"; };
		48129809189D290F00438DAB /* MCTSoundManager.m */ = {isa = PBXFileReference; fileEncoding = 4; lastKnownFileType = sourcecode.c.objc; path = MCTSoundManager.m; sourceTree = "<group>"; };
		4884442F18A77AFA00F8C82B /* MCTSwitchTableViewCell.h */ = {isa = PBXFileReference; fileEncoding = 4; lastKnownFileType = sourcecode.c.h; path = MCTSwitchTableViewCell.h; sourceTree = "<group>"; };
		4884443018A77AFA00F8C82B /* MCTSwitchTableViewCell.m */ = {isa = PBXFileReference; fileEncoding = 4; lastKnownFileType = sourcecode.c.objc; path = MCTSwitchTableViewCell.m; sourceTree = "<group>"; };
		4884443218A77C5500F8C82B /* MCTSwitchTableViewCell.xib */ = {isa = PBXFileReference; fileEncoding = 4; lastKnownFileType = file.xib; path = MCTSwitchTableViewCell.xib; sourceTree = "<group>"; };
		4884443818A7865300F8C82B /* MCTAlphabetViewController.h */ = {isa = PBXFileReference; fileEncoding = 4; lastKnownFileType = sourcecode.c.h; path = MCTAlphabetViewController.h; sourceTree = "<group>"; };
		4884443918A7865300F8C82B /* MCTAlphabetViewController.m */ = {isa = PBXFileReference; fileEncoding = 4; lastKnownFileType = sourcecode.c.objc; path = MCTAlphabetViewController.m; sourceTree = "<group>"; };
		48A5CCC21882CEE3000D5841 /* MorseCodeTraining.app */ = {isa = PBXFileReference; explicitFileType = wrapper.application; includeInIndex = 0; path = MorseCodeTraining.app; sourceTree = BUILT_PRODUCTS_DIR; };
		48A5CCC51882CEE3000D5841 /* Foundation.framework */ = {isa = PBXFileReference; lastKnownFileType = wrapper.framework; name = Foundation.framework; path = System/Library/Frameworks/Foundation.framework; sourceTree = SDKROOT; };
		48A5CCC71882CEE3000D5841 /* CoreGraphics.framework */ = {isa = PBXFileReference; lastKnownFileType = wrapper.framework; name = CoreGraphics.framework; path = System/Library/Frameworks/CoreGraphics.framework; sourceTree = SDKROOT; };
		48A5CCC91882CEE3000D5841 /* UIKit.framework */ = {isa = PBXFileReference; lastKnownFileType = wrapper.framework; name = UIKit.framework; path = System/Library/Frameworks/UIKit.framework; sourceTree = SDKROOT; };
		48A5CCCD1882CEE3000D5841 /* MorseCodeTraining-Info.plist */ = {isa = PBXFileReference; lastKnownFileType = text.plist.xml; path = "MorseCodeTraining-Info.plist"; sourceTree = "<group>"; };
		48A5CCCF1882CEE3000D5841 /* en */ = {isa = PBXFileReference; lastKnownFileType = text.plist.strings; name = en; path = en.lproj/InfoPlist.strings; sourceTree = "<group>"; };
		48A5CCD11882CEE3000D5841 /* main.m */ = {isa = PBXFileReference; lastKnownFileType = sourcecode.c.objc; path = main.m; sourceTree = "<group>"; };
		48A5CCD31882CEE3000D5841 /* MorseCodeTraining-Prefix.pch */ = {isa = PBXFileReference; lastKnownFileType = sourcecode.c.h; path = "MorseCodeTraining-Prefix.pch"; sourceTree = "<group>"; };
		48A5CCD41882CEE3000D5841 /* MCTAppDelegate.h */ = {isa = PBXFileReference; lastKnownFileType = sourcecode.c.h; path = MCTAppDelegate.h; sourceTree = "<group>"; };
		48A5CCD51882CEE3000D5841 /* MCTAppDelegate.m */ = {isa = PBXFileReference; lastKnownFileType = sourcecode.c.objc; path = MCTAppDelegate.m; sourceTree = "<group>"; };
		48A5CCDA1882CEE3000D5841 /* MCTReceiveViewController.h */ = {isa = PBXFileReference; lastKnownFileType = sourcecode.c.h; path = MCTReceiveViewController.h; sourceTree = "<group>"; };
		48A5CCDB1882CEE3000D5841 /* MCTReceiveViewController.m */ = {isa = PBXFileReference; lastKnownFileType = sourcecode.c.objc; path = MCTReceiveViewController.m; sourceTree = "<group>"; };
		48A5CCDD1882CEE3000D5841 /* Images.xcassets */ = {isa = PBXFileReference; lastKnownFileType = folder.assetcatalog; path = Images.xcassets; sourceTree = "<group>"; };
		48A5CCE31882CEE4000D5841 /* MorseCodeTrainingTests.xctest */ = {isa = PBXFileReference; explicitFileType = wrapper.cfbundle; includeInIndex = 0; path = MorseCodeTrainingTests.xctest; sourceTree = BUILT_PRODUCTS_DIR; };
		48A5CCE41882CEE4000D5841 /* XCTest.framework */ = {isa = PBXFileReference; lastKnownFileType = wrapper.framework; name = XCTest.framework; path = Library/Frameworks/XCTest.framework; sourceTree = DEVELOPER_DIR; };
		48A5CCEC1882CEE4000D5841 /* MorseCodeTrainingTests-Info.plist */ = {isa = PBXFileReference; lastKnownFileType = text.plist.xml; path = "MorseCodeTrainingTests-Info.plist"; sourceTree = "<group>"; };
		48A5CCEE1882CEE4000D5841 /* en */ = {isa = PBXFileReference; lastKnownFileType = text.plist.strings; name = en; path = en.lproj/InfoPlist.strings; sourceTree = "<group>"; };
		48A5CCF01882CEE4000D5841 /* MorseCodeTrainingTests.m */ = {isa = PBXFileReference; lastKnownFileType = sourcecode.c.objc; path = MorseCodeTrainingTests.m; sourceTree = "<group>"; };
		48A5CCFC188434F7000D5841 /* NSString+MorseCode.h */ = {isa = PBXFileReference; fileEncoding = 4; lastKnownFileType = sourcecode.c.h; path = "NSString+MorseCode.h"; sourceTree = "<group>"; };
		48A5CCFD188434F7000D5841 /* NSString+MorseCode.m */ = {isa = PBXFileReference; fileEncoding = 4; lastKnownFileType = sourcecode.c.objc; path = "NSString+MorseCode.m"; sourceTree = "<group>"; };
		48A5CD06188A828B000D5841 /* MCTMorseSound.h */ = {isa = PBXFileReference; fileEncoding = 4; lastKnownFileType = sourcecode.c.h; path = MCTMorseSound.h; sourceTree = "<group>"; };
		48A5CD07188A828B000D5841 /* MCTMorseSound.m */ = {isa = PBXFileReference; fileEncoding = 4; lastKnownFileType = sourcecode.c.objc; path = MCTMorseSound.m; sourceTree = "<group>"; };
		48A5CD0F188BC297000D5841 /* AVFoundation.framework */ = {isa = PBXFileReference; lastKnownFileType = wrapper.framework; name = AVFoundation.framework; path = System/Library/Frameworks/AVFoundation.framework; sourceTree = SDKROOT; };
		48A5CD18188C2F54000D5841 /* MCTSettingViewController.h */ = {isa = PBXFileReference; fileEncoding = 4; lastKnownFileType = sourcecode.c.h; path = MCTSettingViewController.h; sourceTree = "<group>"; };
		48A5CD19188C2F54000D5841 /* MCTSettingViewController.m */ = {isa = PBXFileReference; fileEncoding = 4; lastKnownFileType = sourcecode.c.objc; path = MCTSettingViewController.m; sourceTree = "<group>"; };
		626328A1DD38415E91FF4408 /* libPods.a */ = {isa = PBXFileReference; explicitFileType = archive.ar; includeInIndex = 0; path = libPods.a; sourceTree = BUILT_PRODUCTS_DIR; };
/* End PBXFileReference section */

/* Begin PBXFrameworksBuildPhase section */
		48A5CCBF1882CEE3000D5841 /* Frameworks */ = {
			isa = PBXFrameworksBuildPhase;
			buildActionMask = 2147483647;
			files = (
				48A5CD10188BC297000D5841 /* AVFoundation.framework in Frameworks */,
				48A5CCC81882CEE3000D5841 /* CoreGraphics.framework in Frameworks */,
				48A5CCCA1882CEE3000D5841 /* UIKit.framework in Frameworks */,
				48A5CCC61882CEE3000D5841 /* Foundation.framework in Frameworks */,
				B7550C5ECC7A449ABACE6F2C /* libPods.a in Frameworks */,
			);
			runOnlyForDeploymentPostprocessing = 0;
		};
		48A5CCE01882CEE4000D5841 /* Frameworks */ = {
			isa = PBXFrameworksBuildPhase;
			buildActionMask = 2147483647;
			files = (
				48A5CCE51882CEE4000D5841 /* XCTest.framework in Frameworks */,
				48A5CCE71882CEE4000D5841 /* UIKit.framework in Frameworks */,
				48A5CCE61882CEE4000D5841 /* Foundation.framework in Frameworks */,
			);
			runOnlyForDeploymentPostprocessing = 0;
		};
/* End PBXFrameworksBuildPhase section */

/* Begin PBXGroup section */
		481258E118993A1500CE1A99 /* Storyboards */ = {
			isa = PBXGroup;
			children = (
				481297E2189C9E0600438DAB /* Main.storyboard */,
				481297E3189C9E0600438DAB /* Receive.storyboard */,
				481297E4189C9E0600438DAB /* Setting.storyboard */,
			);
			name = Storyboards;
			sourceTree = "<group>";
		};
		481258E418993D0B00CE1A99 /* Common */ = {
			isa = PBXGroup;
			children = (
				481258E618993D4B00CE1A99 /* MCTTabBarController.h */,
				481258E718993D4B00CE1A99 /* MCTTabBarController.m */,
			);
			name = Common;
			sourceTree = "<group>";
		};
		4884442E18A77A5600F8C82B /* View */ = {
			isa = PBXGroup;
			children = (
				4884442F18A77AFA00F8C82B /* MCTSwitchTableViewCell.h */,
				4884443018A77AFA00F8C82B /* MCTSwitchTableViewCell.m */,
				4884443218A77C5500F8C82B /* MCTSwitchTableViewCell.xib */,
			);
			name = View;
			sourceTree = "<group>";
		};
		4884443418A785B600F8C82B /* Settings */ = {
			isa = PBXGroup;
			children = (
				4884443818A7865300F8C82B /* MCTAlphabetViewController.h */,
				4884443918A7865300F8C82B /* MCTAlphabetViewController.m */,
			);
			name = Settings;
			sourceTree = "<group>";
		};
		488A21151896C6E700775AB2 /* Resources */ = {
			isa = PBXGroup;
			children = (
				481258E118993A1500CE1A99 /* Storyboards */,
				488A21161896C6FE00775AB2 /* Images */,
			);
			name = Resources;
			sourceTree = "<group>";
		};
		488A21161896C6FE00775AB2 /* Images */ = {
			isa = PBXGroup;
			children = (
				488A21171896C70500775AB2 /* icons */,
			);
			name = Images;
			sourceTree = "<group>";
		};
		488A21171896C70500775AB2 /* icons */ = {
			isa = PBXGroup;
			children = (
				481297E8189C9E1400438DAB /* back_fill@2x.png */,
				481297E9189C9E1400438DAB /* back@2x.png */,
				481297EA189C9E1500438DAB /* back5s_filled@2x.png */,
				481297EB189C9E1500438DAB /* back5s@2x.png */,
				481297EC189C9E1500438DAB /* config_fill@2x.png */,
				481297ED189C9E1500438DAB /* config@2x.png */,
				481297EE189C9E1500438DAB /* next_fill@2x.png */,
				481297EF189C9E1500438DAB /* next@2x.png */,
				481297F0189C9E1500438DAB /* pause_fill@2x.png */,
				481297F1189C9E1500438DAB /* pause@2x.png */,
				481297F2189C9E1500438DAB /* play_fill@2x.png */,
				481297F3189C9E1500438DAB /* play@2x.png */,
				481297F4189C9E1500438DAB /* receive_fill@2x.png */,
				481297F5189C9E1500438DAB /* receive@2x.png */,
				481297F6189C9E1500438DAB /* repeat_fill@2x.png */,
				481297F7189C9E1500438DAB /* repeat@2x.png */,
			);
			name = icons;
			sourceTree = "<group>";
		};
		48A5CCB91882CEE3000D5841 = {
			isa = PBXGroup;
			children = (
				48A5CCCB1882CEE3000D5841 /* MorseCodeTraining */,
				48A5CCEA1882CEE4000D5841 /* MorseCodeTrainingTests */,
				48A5CCC41882CEE3000D5841 /* Frameworks */,
				48A5CCC31882CEE3000D5841 /* Products */,
				42632E9AA3834F6D9EFC077C /* Pods.xcconfig */,
			);
			sourceTree = "<group>";
		};
		48A5CCC31882CEE3000D5841 /* Products */ = {
			isa = PBXGroup;
			children = (
				48A5CCC21882CEE3000D5841 /* MorseCodeTraining.app */,
				48A5CCE31882CEE4000D5841 /* MorseCodeTrainingTests.xctest */,
			);
			name = Products;
			sourceTree = "<group>";
		};
		48A5CCC41882CEE3000D5841 /* Frameworks */ = {
			isa = PBXGroup;
			children = (
				48A5CD0F188BC297000D5841 /* AVFoundation.framework */,
				48A5CCC51882CEE3000D5841 /* Foundation.framework */,
				48A5CCC71882CEE3000D5841 /* CoreGraphics.framework */,
				48A5CCC91882CEE3000D5841 /* UIKit.framework */,
				48A5CCE41882CEE4000D5841 /* XCTest.framework */,
				626328A1DD38415E91FF4408 /* libPods.a */,
			);
			name = Frameworks;
			sourceTree = "<group>";
		};
		48A5CCCB1882CEE3000D5841 /* MorseCodeTraining */ = {
			isa = PBXGroup;
			children = (
				48A5CCFA188433AD000D5841 /* Classes */,
				488A21151896C6E700775AB2 /* Resources */,
				48A5CCDD1882CEE3000D5841 /* Images.xcassets */,
				48A5CCCC1882CEE3000D5841 /* Supporting Files */,
			);
			path = MorseCodeTraining;
			sourceTree = "<group>";
		};
		48A5CCCC1882CEE3000D5841 /* Supporting Files */ = {
			isa = PBXGroup;
			children = (
				48A5CCCD1882CEE3000D5841 /* MorseCodeTraining-Info.plist */,
				48A5CCCE1882CEE3000D5841 /* InfoPlist.strings */,
				48A5CCD11882CEE3000D5841 /* main.m */,
				48A5CCD31882CEE3000D5841 /* MorseCodeTraining-Prefix.pch */,
			);
			name = "Supporting Files";
			sourceTree = "<group>";
		};
		48A5CCEA1882CEE4000D5841 /* MorseCodeTrainingTests */ = {
			isa = PBXGroup;
			children = (
				48A5CCF01882CEE4000D5841 /* MorseCodeTrainingTests.m */,
				48A5CCEB1882CEE4000D5841 /* Supporting Files */,
			);
			path = MorseCodeTrainingTests;
			sourceTree = "<group>";
		};
		48A5CCEB1882CEE4000D5841 /* Supporting Files */ = {
			isa = PBXGroup;
			children = (
				48A5CCEC1882CEE4000D5841 /* MorseCodeTrainingTests-Info.plist */,
				48A5CCED1882CEE4000D5841 /* InfoPlist.strings */,
			);
			name = "Supporting Files";
			sourceTree = "<group>";
		};
		48A5CCFA188433AD000D5841 /* Classes */ = {
			isa = PBXGroup;
			children = (
				48A5CCD41882CEE3000D5841 /* MCTAppDelegate.h */,
				48A5CCD51882CEE3000D5841 /* MCTAppDelegate.m */,
				481258E418993D0B00CE1A99 /* Common */,
				48A5CD05188A8256000D5841 /* Sound */,
				48A5CD11188C2B4C000D5841 /* ViewController */,
				4884442E18A77A5600F8C82B /* View */,
				48A5CCFB188433BC000D5841 /* Extensions */,
			);
			name = Classes;
			sourceTree = "<group>";
		};
		48A5CCFB188433BC000D5841 /* Extensions */ = {
			isa = PBXGroup;
			children = (
				48A5CCFC188434F7000D5841 /* NSString+MorseCode.h */,
				48A5CCFD188434F7000D5841 /* NSString+MorseCode.m */,
			);
			name = Extensions;
			sourceTree = "<group>";
		};
		48A5CD05188A8256000D5841 /* Sound */ = {
			isa = PBXGroup;
			children = (
				48A5CD06188A828B000D5841 /* MCTMorseSound.h */,
				48A5CD07188A828B000D5841 /* MCTMorseSound.m */,
				48129808189D290F00438DAB /* MCTSoundManager.h */,
				48129809189D290F00438DAB /* MCTSoundManager.m */,
			);
			name = Sound;
			sourceTree = "<group>";
		};
		48A5CD11188C2B4C000D5841 /* ViewController */ = {
			isa = PBXGroup;
			children = (
				4884443418A785B600F8C82B /* Settings */,
				48A5CCDA1882CEE3000D5841 /* MCTReceiveViewController.h */,
				48A5CCDB1882CEE3000D5841 /* MCTReceiveViewController.m */,
				48A5CD18188C2F54000D5841 /* MCTSettingViewController.h */,
				48A5CD19188C2F54000D5841 /* MCTSettingViewController.m */,
			);
			name = ViewController;
			sourceTree = "<group>";
		};
/* End PBXGroup section */

/* Begin PBXNativeTarget section */
		48A5CCC11882CEE3000D5841 /* MorseCodeTraining */ = {
			isa = PBXNativeTarget;
			buildConfigurationList = 48A5CCF41882CEE4000D5841 /* Build configuration list for PBXNativeTarget "MorseCodeTraining" */;
			buildPhases = (
				A0E95F58259E49C8BB07867B /* Check Pods Manifest.lock */,
				48A5CCBE1882CEE3000D5841 /* Sources */,
				48A5CCBF1882CEE3000D5841 /* Frameworks */,
				48A5CCC01882CEE3000D5841 /* Resources */,
				803C8B3E268E40C2B1A3AAD1 /* Copy Pods Resources */,
			);
			buildRules = (
			);
			dependencies = (
			);
			name = MorseCodeTraining;
			productName = MorseCodeTraining;
			productReference = 48A5CCC21882CEE3000D5841 /* MorseCodeTraining.app */;
			productType = "com.apple.product-type.application";
		};
		48A5CCE21882CEE4000D5841 /* MorseCodeTrainingTests */ = {
			isa = PBXNativeTarget;
			buildConfigurationList = 48A5CCF71882CEE4000D5841 /* Build configuration list for PBXNativeTarget "MorseCodeTrainingTests" */;
			buildPhases = (
				48A5CCDF1882CEE4000D5841 /* Sources */,
				48A5CCE01882CEE4000D5841 /* Frameworks */,
				48A5CCE11882CEE4000D5841 /* Resources */,
			);
			buildRules = (
			);
			dependencies = (
				48A5CCE91882CEE4000D5841 /* PBXTargetDependency */,
			);
			name = MorseCodeTrainingTests;
			productName = MorseCodeTrainingTests;
			productReference = 48A5CCE31882CEE4000D5841 /* MorseCodeTrainingTests.xctest */;
			productType = "com.apple.product-type.bundle.unit-test";
		};
/* End PBXNativeTarget section */

/* Begin PBXProject section */
		48A5CCBA1882CEE3000D5841 /* Project object */ = {
			isa = PBXProject;
			attributes = {
				CLASSPREFIX = MCT;
				LastUpgradeCheck = 0500;
				ORGANIZATIONNAME = "Suzuki Kouhei";
				TargetAttributes = {
					48A5CCC11882CEE3000D5841 = {
						SystemCapabilities = {
							com.apple.BackgroundModes = {
								enabled = 1;
							};
						};
					};
					48A5CCE21882CEE4000D5841 = {
						TestTargetID = 48A5CCC11882CEE3000D5841;
					};
				};
			};
			buildConfigurationList = 48A5CCBD1882CEE3000D5841 /* Build configuration list for PBXProject "MorseCodeTraining" */;
			compatibilityVersion = "Xcode 3.2";
			developmentRegion = English;
			hasScannedForEncodings = 0;
			knownRegions = (
				en,
				Base,
			);
			mainGroup = 48A5CCB91882CEE3000D5841;
			productRefGroup = 48A5CCC31882CEE3000D5841 /* Products */;
			projectDirPath = "";
			projectRoot = "";
			targets = (
				48A5CCC11882CEE3000D5841 /* MorseCodeTraining */,
				48A5CCE21882CEE4000D5841 /* MorseCodeTrainingTests */,
			);
		};
/* End PBXProject section */

/* Begin PBXResourcesBuildPhase section */
		48A5CCC01882CEE3000D5841 /* Resources */ = {
			isa = PBXResourcesBuildPhase;
			buildActionMask = 2147483647;
			files = (
				481297F8189C9E1500438DAB /* back_fill@2x.png in Resources */,
				481297FA189C9E1500438DAB /* back5s_filled@2x.png in Resources */,
				48129800189C9E1500438DAB /* pause_fill@2x.png in Resources */,
				48129803189C9E1500438DAB /* play@2x.png in Resources */,
				4884443318A77C5500F8C82B /* MCTSwitchTableViewCell.xib in Resources */,
				481297E6189C9E0600438DAB /* Receive.storyboard in Resources */,
				481297FB189C9E1500438DAB /* back5s@2x.png in Resources */,
				481297E5189C9E0600438DAB /* Main.storyboard in Resources */,
				481297F9189C9E1500438DAB /* back@2x.png in Resources */,
				48129801189C9E1500438DAB /* pause@2x.png in Resources */,
				48129807189C9E1500438DAB /* repeat@2x.png in Resources */,
				481297FD189C9E1500438DAB /* config@2x.png in Resources */,
				48129806189C9E1500438DAB /* repeat_fill@2x.png in Resources */,
				48129802189C9E1500438DAB /* play_fill@2x.png in Resources */,
				481297E7189C9E0600438DAB /* Setting.storyboard in Resources */,
				48A5CCDE1882CEE3000D5841 /* Images.xcassets in Resources */,
				481297FF189C9E1500438DAB /* next@2x.png in Resources */,
				48A5CCD01882CEE3000D5841 /* InfoPlist.strings in Resources */,
				481297FE189C9E1500438DAB /* next_fill@2x.png in Resources */,
				481297FC189C9E1500438DAB /* config_fill@2x.png in Resources */,
				48129805189C9E1500438DAB /* receive@2x.png in Resources */,
				48129804189C9E1500438DAB /* receive_fill@2x.png in Resources */,
			);
			runOnlyForDeploymentPostprocessing = 0;
		};
		48A5CCE11882CEE4000D5841 /* Resources */ = {
			isa = PBXResourcesBuildPhase;
			buildActionMask = 2147483647;
			files = (
				48A5CCEF1882CEE4000D5841 /* InfoPlist.strings in Resources */,
			);
			runOnlyForDeploymentPostprocessing = 0;
		};
/* End PBXResourcesBuildPhase section */

/* Begin PBXShellScriptBuildPhase section */
		803C8B3E268E40C2B1A3AAD1 /* Copy Pods Resources */ = {
			isa = PBXShellScriptBuildPhase;
			buildActionMask = 2147483647;
			files = (
			);
			inputPaths = (
			);
			name = "Copy Pods Resources";
			outputPaths = (
			);
			runOnlyForDeploymentPostprocessing = 0;
			shellPath = /bin/sh;
			shellScript = "\"${SRCROOT}/Pods/Pods-resources.sh\"\n";
			showEnvVarsInLog = 0;
		};
		A0E95F58259E49C8BB07867B /* Check Pods Manifest.lock */ = {
			isa = PBXShellScriptBuildPhase;
			buildActionMask = 2147483647;
			files = (
			);
			inputPaths = (
			);
			name = "Check Pods Manifest.lock";
			outputPaths = (
			);
			runOnlyForDeploymentPostprocessing = 0;
			shellPath = /bin/sh;
			shellScript = "diff \"${PODS_ROOT}/../Podfile.lock\" \"${PODS_ROOT}/Manifest.lock\" > /dev/null\nif [[ $? != 0 ]] ; then\n    cat << EOM\nerror: The sandbox is not in sync with the Podfile.lock. Run 'pod install' or update your CocoaPods installation.\nEOM\n    exit 1\nfi\n";
			showEnvVarsInLog = 0;
		};
/* End PBXShellScriptBuildPhase section */

/* Begin PBXSourcesBuildPhase section */
		48A5CCBE1882CEE3000D5841 /* Sources */ = {
			isa = PBXSourcesBuildPhase;
			buildActionMask = 2147483647;
			files = (
				48A5CD1A188C2F54000D5841 /* MCTSettingViewController.m in Sources */,
				48A5CCD21882CEE3000D5841 /* main.m in Sources */,
				481258E818993D4B00CE1A99 /* MCTTabBarController.m in Sources */,
				48A5CCDC1882CEE3000D5841 /* MCTReceiveViewController.m in Sources */,
				4812980A189D290F00438DAB /* MCTSoundManager.m in Sources */,
				48A5CCD61882CEE3000D5841 /* MCTAppDelegate.m in Sources */,
				4884443A18A7865300F8C82B /* MCTAlphabetViewController.m in Sources */,
				4884443118A77AFA00F8C82B /* MCTSwitchTableViewCell.m in Sources */,
				48A5CD08188A828B000D5841 /* MCTMorseSound.m in Sources */,
				48A5CCFE188434F7000D5841 /* NSString+MorseCode.m in Sources */,
			);
			runOnlyForDeploymentPostprocessing = 0;
		};
		48A5CCDF1882CEE4000D5841 /* Sources */ = {
			isa = PBXSourcesBuildPhase;
			buildActionMask = 2147483647;
			files = (
				48A5CD1B188C2F54000D5841 /* MCTSettingViewController.m in Sources */,
				48A5CCF11882CEE4000D5841 /* MorseCodeTrainingTests.m in Sources */,
				48A5CD17188C2B96000D5841 /* MCTReceiveViewController.m in Sources */,
				48A5CD09188A828B000D5841 /* MCTMorseSound.m in Sources */,
				48A5CD0E188A82DB000D5841 /* NSString+MorseCode.m in Sources */,
			);
			runOnlyForDeploymentPostprocessing = 0;
		};
/* End PBXSourcesBuildPhase section */

/* Begin PBXTargetDependency section */
		48A5CCE91882CEE4000D5841 /* PBXTargetDependency */ = {
			isa = PBXTargetDependency;
			target = 48A5CCC11882CEE3000D5841 /* MorseCodeTraining */;
			targetProxy = 48A5CCE81882CEE4000D5841 /* PBXContainerItemProxy */;
		};
/* End PBXTargetDependency section */

/* Begin PBXVariantGroup section */
		48A5CCCE1882CEE3000D5841 /* InfoPlist.strings */ = {
			isa = PBXVariantGroup;
			children = (
				48A5CCCF1882CEE3000D5841 /* en */,
			);
			name = InfoPlist.strings;
			sourceTree = "<group>";
		};
		48A5CCED1882CEE4000D5841 /* InfoPlist.strings */ = {
			isa = PBXVariantGroup;
			children = (
				48A5CCEE1882CEE4000D5841 /* en */,
			);
			name = InfoPlist.strings;
			sourceTree = "<group>";
		};
/* End PBXVariantGroup section */

/* Begin XCBuildConfiguration section */
		48A5CCF21882CEE4000D5841 /* Debug */ = {
			isa = XCBuildConfiguration;
			buildSettings = {
				ALWAYS_SEARCH_USER_PATHS = NO;
				ARCHS = "$(ARCHS_STANDARD_INCLUDING_64_BIT)";
				CLANG_CXX_LANGUAGE_STANDARD = "gnu++0x";
				CLANG_CXX_LIBRARY = "libc++";
				CLANG_ENABLE_MODULES = YES;
				CLANG_ENABLE_OBJC_ARC = YES;
				CLANG_WARN_BOOL_CONVERSION = YES;
				CLANG_WARN_CONSTANT_CONVERSION = YES;
				CLANG_WARN_DIRECT_OBJC_ISA_USAGE = YES_ERROR;
				CLANG_WARN_EMPTY_BODY = YES;
				CLANG_WARN_ENUM_CONVERSION = YES;
				CLANG_WARN_INT_CONVERSION = YES;
				CLANG_WARN_OBJC_ROOT_CLASS = YES_ERROR;
				CLANG_WARN__DUPLICATE_METHOD_MATCH = YES;
				"CODE_SIGN_IDENTITY[sdk=iphoneos*]" = "iPhone Developer";
				COPY_PHASE_STRIP = NO;
				GCC_C_LANGUAGE_STANDARD = gnu99;
				GCC_DYNAMIC_NO_PIC = NO;
				GCC_OPTIMIZATION_LEVEL = 0;
				GCC_PREPROCESSOR_DEFINITIONS = (
					"DEBUG=1",
					"$(inherited)",
				);
				GCC_SYMBOLS_PRIVATE_EXTERN = NO;
				GCC_WARN_64_TO_32_BIT_CONVERSION = YES;
				GCC_WARN_ABOUT_RETURN_TYPE = YES_ERROR;
				GCC_WARN_UNDECLARED_SELECTOR = YES;
				GCC_WARN_UNINITIALIZED_AUTOS = YES;
				GCC_WARN_UNUSED_FUNCTION = YES;
				GCC_WARN_UNUSED_VARIABLE = YES;
				IPHONEOS_DEPLOYMENT_TARGET = 7.0;
				ONLY_ACTIVE_ARCH = YES;
				SDKROOT = iphoneos;
			};
			name = Debug;
		};
		48A5CCF31882CEE4000D5841 /* Release */ = {
			isa = XCBuildConfiguration;
			buildSettings = {
				ALWAYS_SEARCH_USER_PATHS = NO;
				ARCHS = "$(ARCHS_STANDARD_INCLUDING_64_BIT)";
				CLANG_CXX_LANGUAGE_STANDARD = "gnu++0x";
				CLANG_CXX_LIBRARY = "libc++";
				CLANG_ENABLE_MODULES = YES;
				CLANG_ENABLE_OBJC_ARC = YES;
				CLANG_WARN_BOOL_CONVERSION = YES;
				CLANG_WARN_CONSTANT_CONVERSION = YES;
				CLANG_WARN_DIRECT_OBJC_ISA_USAGE = YES_ERROR;
				CLANG_WARN_EMPTY_BODY = YES;
				CLANG_WARN_ENUM_CONVERSION = YES;
				CLANG_WARN_INT_CONVERSION = YES;
				CLANG_WARN_OBJC_ROOT_CLASS = YES_ERROR;
				CLANG_WARN__DUPLICATE_METHOD_MATCH = YES;
				"CODE_SIGN_IDENTITY[sdk=iphoneos*]" = "iPhone Developer";
				COPY_PHASE_STRIP = YES;
				ENABLE_NS_ASSERTIONS = NO;
				GCC_C_LANGUAGE_STANDARD = gnu99;
				GCC_WARN_64_TO_32_BIT_CONVERSION = YES;
				GCC_WARN_ABOUT_RETURN_TYPE = YES_ERROR;
				GCC_WARN_UNDECLARED_SELECTOR = YES;
				GCC_WARN_UNINITIALIZED_AUTOS = YES;
				GCC_WARN_UNUSED_FUNCTION = YES;
				GCC_WARN_UNUSED_VARIABLE = YES;
				IPHONEOS_DEPLOYMENT_TARGET = 7.0;
				SDKROOT = iphoneos;
				VALIDATE_PRODUCT = YES;
			};
			name = Release;
		};
		48A5CCF51882CEE4000D5841 /* Debug */ = {
			isa = XCBuildConfiguration;
			baseConfigurationReference = 42632E9AA3834F6D9EFC077C /* Pods.xcconfig */;
			buildSettings = {
				ASSETCATALOG_COMPILER_APPICON_NAME = AppIcon;
				ASSETCATALOG_COMPILER_LAUNCHIMAGE_NAME = LaunchImage;
				GCC_PRECOMPILE_PREFIX_HEADER = YES;
				GCC_PREFIX_HEADER = "MorseCodeTraining/MorseCodeTraining-Prefix.pch";
				INFOPLIST_FILE = "MorseCodeTraining/MorseCodeTraining-Info.plist";
				PRODUCT_NAME = "$(TARGET_NAME)";
				WRAPPER_EXTENSION = app;
			};
			name = Debug;
		};
		48A5CCF61882CEE4000D5841 /* Release */ = {
			isa = XCBuildConfiguration;
			baseConfigurationReference = 42632E9AA3834F6D9EFC077C /* Pods.xcconfig */;
			buildSettings = {
				ASSETCATALOG_COMPILER_APPICON_NAME = AppIcon;
				ASSETCATALOG_COMPILER_LAUNCHIMAGE_NAME = LaunchImage;
				GCC_PRECOMPILE_PREFIX_HEADER = YES;
				GCC_PREFIX_HEADER = "MorseCodeTraining/MorseCodeTraining-Prefix.pch";
				INFOPLIST_FILE = "MorseCodeTraining/MorseCodeTraining-Info.plist";
				PRODUCT_NAME = "$(TARGET_NAME)";
				WRAPPER_EXTENSION = app;
			};
			name = Release;
		};
		48A5CCF81882CEE4000D5841 /* Debug */ = {
			isa = XCBuildConfiguration;
			buildSettings = {
				ARCHS = "$(ARCHS_STANDARD_INCLUDING_64_BIT)";
				BUNDLE_LOADER = "$(BUILT_PRODUCTS_DIR)/MorseCodeTraining.app/MorseCodeTraining";
				FRAMEWORK_SEARCH_PATHS = (
					"$(SDKROOT)/Developer/Library/Frameworks",
					"$(inherited)",
					"$(DEVELOPER_FRAMEWORKS_DIR)",
				);
				GCC_PRECOMPILE_PREFIX_HEADER = YES;
				GCC_PREFIX_HEADER = "MorseCodeTraining/MorseCodeTraining-Prefix.pch";
				GCC_PREPROCESSOR_DEFINITIONS = (
					"DEBUG=1",
					"$(inherited)",
				);
				INFOPLIST_FILE = "MorseCodeTrainingTests/MorseCodeTrainingTests-Info.plist";
				PRODUCT_NAME = "$(TARGET_NAME)";
				TEST_HOST = "$(BUNDLE_LOADER)";
				WRAPPER_EXTENSION = xctest;
			};
			name = Debug;
		};
		48A5CCF91882CEE4000D5841 /* Release */ = {
			isa = XCBuildConfiguration;
			buildSettings = {
				ARCHS = "$(ARCHS_STANDARD_INCLUDING_64_BIT)";
				BUNDLE_LOADER = "$(BUILT_PRODUCTS_DIR)/MorseCodeTraining.app/MorseCodeTraining";
				FRAMEWORK_SEARCH_PATHS = (
					"$(SDKROOT)/Developer/Library/Frameworks",
					"$(inherited)",
					"$(DEVELOPER_FRAMEWORKS_DIR)",
				);
				GCC_PRECOMPILE_PREFIX_HEADER = YES;
				GCC_PREFIX_HEADER = "MorseCodeTraining/MorseCodeTraining-Prefix.pch";
				INFOPLIST_FILE = "MorseCodeTrainingTests/MorseCodeTrainingTests-Info.plist";
				PRODUCT_NAME = "$(TARGET_NAME)";
				TEST_HOST = "$(BUNDLE_LOADER)";
				WRAPPER_EXTENSION = xctest;
			};
			name = Release;
		};
/* End XCBuildConfiguration section */

/* Begin XCConfigurationList section */
		48A5CCBD1882CEE3000D5841 /* Build configuration list for PBXProject "MorseCodeTraining" */ = {
			isa = XCConfigurationList;
			buildConfigurations = (
				48A5CCF21882CEE4000D5841 /* Debug */,
				48A5CCF31882CEE4000D5841 /* Release */,
			);
			defaultConfigurationIsVisible = 0;
			defaultConfigurationName = Release;
		};
		48A5CCF41882CEE4000D5841 /* Build configuration list for PBXNativeTarget "MorseCodeTraining" */ = {
			isa = XCConfigurationList;
			buildConfigurations = (
				48A5CCF51882CEE4000D5841 /* Debug */,
				48A5CCF61882CEE4000D5841 /* Release */,
			);
			defaultConfigurationIsVisible = 0;
			defaultConfigurationName = Release;
		};
		48A5CCF71882CEE4000D5841 /* Build configuration list for PBXNativeTarget "MorseCodeTrainingTests" */ = {
			isa = XCConfigurationList;
			buildConfigurations = (
				48A5CCF81882CEE4000D5841 /* Debug */,
				48A5CCF91882CEE4000D5841 /* Release */,
			);
			defaultConfigurationIsVisible = 0;
			defaultConfigurationName = Release;
		};
/* End XCConfigurationList section */
	};
	rootObject = 48A5CCBA1882CEE3000D5841 /* Project object */;
}
