<?xml version="1.0" encoding="UTF-8"?>
<!DOCTYPE plist PUBLIC "-//Apple//DTD PLIST 1.0//EN" "http://www.apple.com/DTDs/PropertyList-1.0.dtd">
<plist version="1.0">
<dict>
	<key>archiveVersion</key>
	<string>1</string>
	<key>classes</key>
	<dict/>
	<key>objectVersion</key>
	<string>46</string>
	<key>objects</key>
	<dict>
		<key>42632E9AA3834F6D9EFC077C</key>
		<dict>
			<key>includeInIndex</key>
			<string>1</string>
			<key>isa</key>
			<string>PBXFileReference</string>
			<key>lastKnownFileType</key>
			<string>text.xcconfig</string>
			<key>name</key>
			<string>Pods.xcconfig</string>
			<key>path</key>
			<string>Pods/Pods.xcconfig</string>
			<key>sourceTree</key>
			<string>&lt;group&gt;</string>
		</dict>
		<key>481258E118993A1500CE1A99</key>
		<dict>
			<key>children</key>
			<array>
				<string>481258E918993D9F00CE1A99</string>
				<string>481258E218993AD000CE1A99</string>
				<string>48A5CCD71882CEE3000D5841</string>
			</array>
			<key>isa</key>
			<string>PBXGroup</string>
			<key>name</key>
			<string>Storyboards</string>
			<key>sourceTree</key>
			<string>&lt;group&gt;</string>
		</dict>
		<key>481258E218993AD000CE1A99</key>
		<dict>
			<key>fileEncoding</key>
			<string>4</string>
			<key>isa</key>
			<string>PBXFileReference</string>
			<key>lastKnownFileType</key>
			<string>file.storyboard</string>
			<key>path</key>
			<string>Receive.storyboard</string>
			<key>sourceTree</key>
			<string>SOURCE_ROOT</string>
		</dict>
		<key>481258E318993AD000CE1A99</key>
		<dict>
			<key>fileRef</key>
			<string>481258E218993AD000CE1A99</string>
			<key>isa</key>
			<string>PBXBuildFile</string>
		</dict>
		<key>481258E418993D0B00CE1A99</key>
		<dict>
			<key>children</key>
			<array>
				<string>481258E618993D4B00CE1A99</string>
				<string>481258E718993D4B00CE1A99</string>
			</array>
			<key>isa</key>
			<string>PBXGroup</string>
			<key>name</key>
			<string>Common</string>
			<key>sourceTree</key>
			<string>&lt;group&gt;</string>
		</dict>
		<key>481258E618993D4B00CE1A99</key>
		<dict>
			<key>fileEncoding</key>
			<string>4</string>
			<key>isa</key>
			<string>PBXFileReference</string>
			<key>lastKnownFileType</key>
			<string>sourcecode.c.h</string>
			<key>path</key>
			<string>MCTTabBarController.h</string>
			<key>sourceTree</key>
			<string>&lt;group&gt;</string>
		</dict>
		<key>481258E718993D4B00CE1A99</key>
		<dict>
			<key>fileEncoding</key>
			<string>4</string>
			<key>isa</key>
			<string>PBXFileReference</string>
			<key>lastKnownFileType</key>
			<string>sourcecode.c.objc</string>
			<key>path</key>
			<string>MCTTabBarController.m</string>
			<key>sourceTree</key>
			<string>&lt;group&gt;</string>
		</dict>
		<key>481258E818993D4B00CE1A99</key>
		<dict>
			<key>fileRef</key>
			<string>481258E718993D4B00CE1A99</string>
			<key>isa</key>
			<string>PBXBuildFile</string>
		</dict>
		<key>481258E918993D9F00CE1A99</key>
		<dict>
			<key>fileEncoding</key>
			<string>4</string>
			<key>isa</key>
			<string>PBXFileReference</string>
			<key>lastKnownFileType</key>
			<string>file.storyboard</string>
			<key>path</key>
			<string>Main.storyboard</string>
			<key>sourceTree</key>
			<string>&lt;group&gt;</string>
		</dict>
		<key>481258EA18993D9F00CE1A99</key>
		<dict>
			<key>fileRef</key>
			<string>481258E918993D9F00CE1A99</string>
			<key>isa</key>
			<string>PBXBuildFile</string>
		</dict>
		<key>481258EB189ABA6300CE1A99</key>
		<dict>
			<key>isa</key>
			<string>PBXFileReference</string>
			<key>lastKnownFileType</key>
			<string>image.png</string>
			<key>path</key>
			<string>repeat@2x.png</string>
			<key>sourceTree</key>
			<string>&lt;group&gt;</string>
		</dict>
		<key>481258EC189ABA6300CE1A99</key>
		<dict>
			<key>isa</key>
			<string>PBXFileReference</string>
			<key>lastKnownFileType</key>
			<string>image.png</string>
			<key>path</key>
			<string>repeat_fill@2x.png</string>
			<key>sourceTree</key>
			<string>&lt;group&gt;</string>
		</dict>
		<key>481258ED189ABA6300CE1A99</key>
		<dict>
			<key>fileRef</key>
			<string>481258EB189ABA6300CE1A99</string>
			<key>isa</key>
			<string>PBXBuildFile</string>
		</dict>
		<key>481258EE189ABA6300CE1A99</key>
		<dict>
			<key>fileRef</key>
			<string>481258EC189ABA6300CE1A99</string>
			<key>isa</key>
			<string>PBXBuildFile</string>
		</dict>
		<key>481258EF189ABAB100CE1A99</key>
		<dict>
			<key>isa</key>
			<string>PBXFileReference</string>
			<key>lastKnownFileType</key>
			<string>image.png</string>
			<key>path</key>
			<string>config@2x.png</string>
			<key>sourceTree</key>
			<string>&lt;group&gt;</string>
		</dict>
		<key>481258F0189ABAB100CE1A99</key>
		<dict>
			<key>isa</key>
			<string>PBXFileReference</string>
			<key>lastKnownFileType</key>
			<string>image.png</string>
			<key>path</key>
			<string>back5s_filled@2x.png</string>
			<key>sourceTree</key>
			<string>&lt;group&gt;</string>
		</dict>
		<key>481258F1189ABAB100CE1A99</key>
		<dict>
			<key>isa</key>
			<string>PBXFileReference</string>
			<key>lastKnownFileType</key>
			<string>image.png</string>
			<key>path</key>
			<string>play_fill@2x.png</string>
			<key>sourceTree</key>
			<string>&lt;group&gt;</string>
		</dict>
		<key>481258F2189ABAB100CE1A99</key>
		<dict>
			<key>isa</key>
			<string>PBXFileReference</string>
			<key>lastKnownFileType</key>
			<string>image.png</string>
			<key>path</key>
			<string>receive_fill@2x.png</string>
			<key>sourceTree</key>
			<string>&lt;group&gt;</string>
		</dict>
		<key>481258F3189ABAB100CE1A99</key>
		<dict>
			<key>isa</key>
			<string>PBXFileReference</string>
			<key>lastKnownFileType</key>
			<string>image.png</string>
			<key>path</key>
			<string>receive@2x.png</string>
			<key>sourceTree</key>
			<string>&lt;group&gt;</string>
		</dict>
		<key>481258F4189ABAB100CE1A99</key>
		<dict>
			<key>isa</key>
			<string>PBXFileReference</string>
			<key>lastKnownFileType</key>
			<string>image.png</string>
			<key>path</key>
			<string>back@2x.png</string>
			<key>sourceTree</key>
			<string>&lt;group&gt;</string>
		</dict>
		<key>481258F5189ABAB100CE1A99</key>
		<dict>
			<key>isa</key>
			<string>PBXFileReference</string>
			<key>lastKnownFileType</key>
			<string>image.png</string>
			<key>path</key>
			<string>next@2x.png</string>
			<key>sourceTree</key>
			<string>&lt;group&gt;</string>
		</dict>
		<key>481258F6189ABAB100CE1A99</key>
		<dict>
			<key>isa</key>
			<string>PBXFileReference</string>
			<key>lastKnownFileType</key>
			<string>image.png</string>
			<key>path</key>
			<string>back_fill@2x.png</string>
			<key>sourceTree</key>
			<string>&lt;group&gt;</string>
		</dict>
		<key>481258F7189ABAB100CE1A99</key>
		<dict>
			<key>isa</key>
			<string>PBXFileReference</string>
			<key>lastKnownFileType</key>
			<string>image.png</string>
			<key>path</key>
			<string>config_fill@2x.png</string>
			<key>sourceTree</key>
			<string>&lt;group&gt;</string>
		</dict>
		<key>481258F8189ABAB100CE1A99</key>
		<dict>
			<key>isa</key>
			<string>PBXFileReference</string>
			<key>lastKnownFileType</key>
			<string>image.png</string>
			<key>path</key>
			<string>back5s@2x.png</string>
			<key>sourceTree</key>
			<string>&lt;group&gt;</string>
		</dict>
		<key>481258F9189ABAB100CE1A99</key>
		<dict>
			<key>isa</key>
			<string>PBXFileReference</string>
			<key>lastKnownFileType</key>
			<string>image.png</string>
			<key>path</key>
			<string>play@2x.png</string>
			<key>sourceTree</key>
			<string>&lt;group&gt;</string>
		</dict>
		<key>481258FA189ABAB100CE1A99</key>
		<dict>
			<key>isa</key>
			<string>PBXFileReference</string>
			<key>lastKnownFileType</key>
			<string>image.png</string>
			<key>path</key>
			<string>next_fill@2x.png</string>
			<key>sourceTree</key>
			<string>&lt;group&gt;</string>
		</dict>
		<key>481258FB189ABAB100CE1A99</key>
		<dict>
			<key>fileRef</key>
			<string>481258EF189ABAB100CE1A99</string>
			<key>isa</key>
			<string>PBXBuildFile</string>
		</dict>
		<key>481258FC189ABAB100CE1A99</key>
		<dict>
			<key>fileRef</key>
			<string>481258F0189ABAB100CE1A99</string>
			<key>isa</key>
			<string>PBXBuildFile</string>
		</dict>
		<key>481258FD189ABAB100CE1A99</key>
		<dict>
			<key>fileRef</key>
			<string>481258F1189ABAB100CE1A99</string>
			<key>isa</key>
			<string>PBXBuildFile</string>
		</dict>
		<key>481258FE189ABAB100CE1A99</key>
		<dict>
			<key>fileRef</key>
			<string>481258F2189ABAB100CE1A99</string>
			<key>isa</key>
			<string>PBXBuildFile</string>
		</dict>
		<key>481258FF189ABAB100CE1A99</key>
		<dict>
			<key>fileRef</key>
			<string>481258F3189ABAB100CE1A99</string>
			<key>isa</key>
			<string>PBXBuildFile</string>
		</dict>
		<key>48125900189ABAB100CE1A99</key>
		<dict>
			<key>fileRef</key>
			<string>481258F4189ABAB100CE1A99</string>
			<key>isa</key>
			<string>PBXBuildFile</string>
		</dict>
		<key>48125901189ABAB100CE1A99</key>
		<dict>
			<key>fileRef</key>
			<string>481258F5189ABAB100CE1A99</string>
			<key>isa</key>
			<string>PBXBuildFile</string>
		</dict>
		<key>48125902189ABAB100CE1A99</key>
		<dict>
			<key>fileRef</key>
			<string>481258F6189ABAB100CE1A99</string>
			<key>isa</key>
			<string>PBXBuildFile</string>
		</dict>
		<key>48125903189ABAB100CE1A99</key>
		<dict>
			<key>fileRef</key>
			<string>481258F7189ABAB100CE1A99</string>
			<key>isa</key>
			<string>PBXBuildFile</string>
		</dict>
		<key>48125904189ABAB100CE1A99</key>
		<dict>
			<key>fileRef</key>
			<string>481258F8189ABAB100CE1A99</string>
			<key>isa</key>
			<string>PBXBuildFile</string>
		</dict>
		<key>48125905189ABAB100CE1A99</key>
		<dict>
			<key>fileRef</key>
			<string>481258F9189ABAB100CE1A99</string>
			<key>isa</key>
			<string>PBXBuildFile</string>
		</dict>
		<key>48125906189ABAB100CE1A99</key>
		<dict>
			<key>fileRef</key>
			<string>481258FA189ABAB100CE1A99</string>
			<key>isa</key>
			<string>PBXBuildFile</string>
		</dict>
		<key>48125907189C1BA300CE1A99</key>
		<dict>
			<key>isa</key>
			<string>PBXFileReference</string>
			<key>lastKnownFileType</key>
			<string>image.png</string>
			<key>path</key>
			<string>pause@2x.png</string>
			<key>sourceTree</key>
			<string>&lt;group&gt;</string>
		</dict>
		<key>48125908189C1BA300CE1A99</key>
		<dict>
			<key>isa</key>
			<string>PBXFileReference</string>
			<key>lastKnownFileType</key>
			<string>image.png</string>
			<key>path</key>
			<string>pause_fill@2x.png</string>
			<key>sourceTree</key>
			<string>&lt;group&gt;</string>
		</dict>
		<key>48125909189C1BA300CE1A99</key>
		<dict>
			<key>fileRef</key>
			<string>48125907189C1BA300CE1A99</string>
			<key>isa</key>
			<string>PBXBuildFile</string>
		</dict>
		<key>4812590A189C1BA300CE1A99</key>
		<dict>
			<key>fileRef</key>
			<string>48125908189C1BA300CE1A99</string>
			<key>isa</key>
			<string>PBXBuildFile</string>
		</dict>
		<key>488A21151896C6E700775AB2</key>
		<dict>
			<key>children</key>
			<array>
				<string>481258E118993A1500CE1A99</string>
				<string>488A21161896C6FE00775AB2</string>
			</array>
			<key>isa</key>
			<string>PBXGroup</string>
			<key>name</key>
			<string>Resources</string>
			<key>sourceTree</key>
			<string>&lt;group&gt;</string>
		</dict>
		<key>488A21161896C6FE00775AB2</key>
		<dict>
			<key>children</key>
			<array>
				<string>488A21171896C70500775AB2</string>
			</array>
			<key>isa</key>
			<string>PBXGroup</string>
			<key>name</key>
			<string>Images</string>
			<key>sourceTree</key>
			<string>&lt;group&gt;</string>
		</dict>
		<key>488A21171896C70500775AB2</key>
		<dict>
			<key>children</key>
			<array>
				<string>481258EB189ABA6300CE1A99</string>
				<string>481258EC189ABA6300CE1A99</string>
				<string>481258EF189ABAB100CE1A99</string>
				<string>481258F7189ABAB100CE1A99</string>
				<string>481258F8189ABAB100CE1A99</string>
				<string>481258F0189ABAB100CE1A99</string>
				<string>481258F9189ABAB100CE1A99</string>
				<string>481258F1189ABAB100CE1A99</string>
				<string>48125907189C1BA300CE1A99</string>
				<string>48125908189C1BA300CE1A99</string>
				<string>481258F3189ABAB100CE1A99</string>
				<string>481258F2189ABAB100CE1A99</string>
				<string>481258F4189ABAB100CE1A99</string>
				<string>481258F6189ABAB100CE1A99</string>
				<string>481258F5189ABAB100CE1A99</string>
				<string>481258FA189ABAB100CE1A99</string>
			</array>
			<key>isa</key>
			<string>PBXGroup</string>
			<key>name</key>
			<string>icons</string>
			<key>sourceTree</key>
			<string>&lt;group&gt;</string>
		</dict>
		<key>48A5CCB91882CEE3000D5841</key>
		<dict>
			<key>children</key>
			<array>
				<string>48A5CCCB1882CEE3000D5841</string>
				<string>48A5CCEA1882CEE4000D5841</string>
				<string>48A5CCC41882CEE3000D5841</string>
				<string>48A5CCC31882CEE3000D5841</string>
				<string>42632E9AA3834F6D9EFC077C</string>
			</array>
			<key>isa</key>
			<string>PBXGroup</string>
			<key>sourceTree</key>
			<string>&lt;group&gt;</string>
		</dict>
		<key>48A5CCBA1882CEE3000D5841</key>
		<dict>
			<key>attributes</key>
			<dict>
				<key>CLASSPREFIX</key>
				<string>MCT</string>
				<key>LastUpgradeCheck</key>
				<string>0500</string>
				<key>ORGANIZATIONNAME</key>
				<string>Suzuki Kouhei</string>
				<key>TargetAttributes</key>
				<dict>
					<key>48A5CCE21882CEE4000D5841</key>
					<dict>
						<key>TestTargetID</key>
						<string>48A5CCC11882CEE3000D5841</string>
					</dict>
				</dict>
			</dict>
			<key>buildConfigurationList</key>
			<string>48A5CCBD1882CEE3000D5841</string>
			<key>compatibilityVersion</key>
			<string>Xcode 3.2</string>
			<key>developmentRegion</key>
			<string>English</string>
			<key>hasScannedForEncodings</key>
			<string>0</string>
			<key>isa</key>
			<string>PBXProject</string>
			<key>knownRegions</key>
			<array>
				<string>en</string>
				<string>Base</string>
			</array>
			<key>mainGroup</key>
			<string>48A5CCB91882CEE3000D5841</string>
			<key>productRefGroup</key>
			<string>48A5CCC31882CEE3000D5841</string>
			<key>projectDirPath</key>
			<string></string>
			<key>projectReferences</key>
			<array/>
			<key>projectRoot</key>
			<string></string>
			<key>targets</key>
			<array>
				<string>48A5CCC11882CEE3000D5841</string>
				<string>48A5CCE21882CEE4000D5841</string>
			</array>
		</dict>
		<key>48A5CCBD1882CEE3000D5841</key>
		<dict>
			<key>buildConfigurations</key>
			<array>
				<string>48A5CCF21882CEE4000D5841</string>
				<string>48A5CCF31882CEE4000D5841</string>
			</array>
			<key>defaultConfigurationIsVisible</key>
			<string>0</string>
			<key>defaultConfigurationName</key>
			<string>Release</string>
			<key>isa</key>
			<string>XCConfigurationList</string>
		</dict>
		<key>48A5CCBE1882CEE3000D5841</key>
		<dict>
			<key>buildActionMask</key>
			<string>2147483647</string>
			<key>files</key>
			<array>
				<string>48A5CD1A188C2F54000D5841</string>
				<string>48A5CCD21882CEE3000D5841</string>
				<string>481258E818993D4B00CE1A99</string>
				<string>48A5CCDC1882CEE3000D5841</string>
				<string>48A5CCD61882CEE3000D5841</string>
				<string>48A5CD08188A828B000D5841</string>
				<string>48A5CCFE188434F7000D5841</string>
			</array>
			<key>isa</key>
			<string>PBXSourcesBuildPhase</string>
			<key>runOnlyForDeploymentPostprocessing</key>
			<string>0</string>
		</dict>
		<key>48A5CCBF1882CEE3000D5841</key>
		<dict>
			<key>buildActionMask</key>
			<string>2147483647</string>
			<key>files</key>
			<array>
				<string>48A5CD10188BC297000D5841</string>
				<string>48A5CCC81882CEE3000D5841</string>
				<string>48A5CCCA1882CEE3000D5841</string>
				<string>48A5CCC61882CEE3000D5841</string>
				<string>B7550C5ECC7A449ABACE6F2C</string>
			</array>
			<key>isa</key>
			<string>PBXFrameworksBuildPhase</string>
			<key>runOnlyForDeploymentPostprocessing</key>
			<string>0</string>
		</dict>
		<key>48A5CCC01882CEE3000D5841</key>
		<dict>
			<key>buildActionMask</key>
			<string>2147483647</string>
			<key>files</key>
			<array>
				<string>481258FB189ABAB100CE1A99</string>
				<string>481258FD189ABAB100CE1A99</string>
				<string>48125905189ABAB100CE1A99</string>
				<string>481258FF189ABAB100CE1A99</string>
				<string>48125904189ABAB100CE1A99</string>
				<string>481258FC189ABAB100CE1A99</string>
				<string>48125906189ABAB100CE1A99</string>
				<string>48125909189C1BA300CE1A99</string>
				<string>481258EA18993D9F00CE1A99</string>
				<string>48A5CCDE1882CEE3000D5841</string>
				<string>48A5CCD01882CEE3000D5841</string>
				<string>481258ED189ABA6300CE1A99</string>
				<string>48125900189ABAB100CE1A99</string>
				<string>48125902189ABAB100CE1A99</string>
				<string>48125901189ABAB100CE1A99</string>
				<string>48125903189ABAB100CE1A99</string>
				<string>4812590A189C1BA300CE1A99</string>
				<string>48A5CCD91882CEE3000D5841</string>
				<string>481258E318993AD000CE1A99</string>
				<string>481258EE189ABA6300CE1A99</string>
				<string>481258FE189ABAB100CE1A99</string>
			</array>
			<key>isa</key>
			<string>PBXResourcesBuildPhase</string>
			<key>runOnlyForDeploymentPostprocessing</key>
			<string>0</string>
		</dict>
		<key>48A5CCC11882CEE3000D5841</key>
		<dict>
			<key>buildConfigurationList</key>
			<string>48A5CCF41882CEE4000D5841</string>
			<key>buildPhases</key>
			<array>
				<string>A0E95F58259E49C8BB07867B</string>
				<string>48A5CCBE1882CEE3000D5841</string>
				<string>48A5CCBF1882CEE3000D5841</string>
				<string>48A5CCC01882CEE3000D5841</string>
				<string>803C8B3E268E40C2B1A3AAD1</string>
			</array>
			<key>buildRules</key>
			<array/>
			<key>dependencies</key>
			<array/>
			<key>isa</key>
			<string>PBXNativeTarget</string>
			<key>name</key>
			<string>MorseCodeTraining</string>
			<key>productName</key>
			<string>MorseCodeTraining</string>
			<key>productReference</key>
			<string>48A5CCC21882CEE3000D5841</string>
			<key>productType</key>
			<string>com.apple.product-type.application</string>
		</dict>
		<key>48A5CCC21882CEE3000D5841</key>
		<dict>
			<key>explicitFileType</key>
			<string>wrapper.application</string>
			<key>includeInIndex</key>
			<string>0</string>
			<key>isa</key>
			<string>PBXFileReference</string>
			<key>path</key>
			<string>MorseCodeTraining.app</string>
			<key>sourceTree</key>
			<string>BUILT_PRODUCTS_DIR</string>
		</dict>
		<key>48A5CCC31882CEE3000D5841</key>
		<dict>
			<key>children</key>
			<array>
				<string>48A5CCC21882CEE3000D5841</string>
				<string>48A5CCE31882CEE4000D5841</string>
			</array>
			<key>isa</key>
			<string>PBXGroup</string>
			<key>name</key>
			<string>Products</string>
			<key>sourceTree</key>
			<string>&lt;group&gt;</string>
		</dict>
		<key>48A5CCC41882CEE3000D5841</key>
		<dict>
			<key>children</key>
			<array>
				<string>48A5CD0F188BC297000D5841</string>
				<string>48A5CCC51882CEE3000D5841</string>
				<string>48A5CCC71882CEE3000D5841</string>
				<string>48A5CCC91882CEE3000D5841</string>
				<string>48A5CCE41882CEE4000D5841</string>
				<string>626328A1DD38415E91FF4408</string>
			</array>
			<key>isa</key>
			<string>PBXGroup</string>
			<key>name</key>
			<string>Frameworks</string>
			<key>sourceTree</key>
			<string>&lt;group&gt;</string>
		</dict>
		<key>48A5CCC51882CEE3000D5841</key>
		<dict>
			<key>isa</key>
			<string>PBXFileReference</string>
			<key>lastKnownFileType</key>
			<string>wrapper.framework</string>
			<key>name</key>
			<string>Foundation.framework</string>
			<key>path</key>
			<string>System/Library/Frameworks/Foundation.framework</string>
			<key>sourceTree</key>
			<string>SDKROOT</string>
		</dict>
		<key>48A5CCC61882CEE3000D5841</key>
		<dict>
			<key>fileRef</key>
			<string>48A5CCC51882CEE3000D5841</string>
			<key>isa</key>
			<string>PBXBuildFile</string>
		</dict>
		<key>48A5CCC71882CEE3000D5841</key>
		<dict>
			<key>isa</key>
			<string>PBXFileReference</string>
			<key>lastKnownFileType</key>
			<string>wrapper.framework</string>
			<key>name</key>
			<string>CoreGraphics.framework</string>
			<key>path</key>
			<string>System/Library/Frameworks/CoreGraphics.framework</string>
			<key>sourceTree</key>
			<string>SDKROOT</string>
		</dict>
		<key>48A5CCC81882CEE3000D5841</key>
		<dict>
			<key>fileRef</key>
			<string>48A5CCC71882CEE3000D5841</string>
			<key>isa</key>
			<string>PBXBuildFile</string>
		</dict>
		<key>48A5CCC91882CEE3000D5841</key>
		<dict>
			<key>isa</key>
			<string>PBXFileReference</string>
			<key>lastKnownFileType</key>
			<string>wrapper.framework</string>
			<key>name</key>
			<string>UIKit.framework</string>
			<key>path</key>
			<string>System/Library/Frameworks/UIKit.framework</string>
			<key>sourceTree</key>
			<string>SDKROOT</string>
		</dict>
		<key>48A5CCCA1882CEE3000D5841</key>
		<dict>
			<key>fileRef</key>
			<string>48A5CCC91882CEE3000D5841</string>
			<key>isa</key>
			<string>PBXBuildFile</string>
		</dict>
		<key>48A5CCCB1882CEE3000D5841</key>
		<dict>
			<key>children</key>
			<array>
				<string>48A5CCFA188433AD000D5841</string>
				<string>488A21151896C6E700775AB2</string>
				<string>48A5CCDD1882CEE3000D5841</string>
				<string>48A5CCCC1882CEE3000D5841</string>
			</array>
			<key>isa</key>
			<string>PBXGroup</string>
			<key>path</key>
			<string>MorseCodeTraining</string>
			<key>sourceTree</key>
			<string>&lt;group&gt;</string>
		</dict>
		<key>48A5CCCC1882CEE3000D5841</key>
		<dict>
			<key>children</key>
			<array>
				<string>48A5CCCD1882CEE3000D5841</string>
				<string>48A5CCCE1882CEE3000D5841</string>
				<string>48A5CCD11882CEE3000D5841</string>
				<string>48A5CCD31882CEE3000D5841</string>
			</array>
			<key>isa</key>
			<string>PBXGroup</string>
			<key>name</key>
			<string>Supporting Files</string>
			<key>sourceTree</key>
			<string>&lt;group&gt;</string>
		</dict>
		<key>48A5CCCD1882CEE3000D5841</key>
		<dict>
			<key>isa</key>
			<string>PBXFileReference</string>
			<key>lastKnownFileType</key>
			<string>text.plist.xml</string>
			<key>path</key>
			<string>MorseCodeTraining-Info.plist</string>
			<key>sourceTree</key>
			<string>&lt;group&gt;</string>
		</dict>
		<key>48A5CCCE1882CEE3000D5841</key>
		<dict>
			<key>children</key>
			<array>
				<string>48A5CCCF1882CEE3000D5841</string>
			</array>
			<key>isa</key>
			<string>PBXVariantGroup</string>
			<key>name</key>
			<string>InfoPlist.strings</string>
			<key>sourceTree</key>
			<string>&lt;group&gt;</string>
		</dict>
		<key>48A5CCCF1882CEE3000D5841</key>
		<dict>
			<key>isa</key>
			<string>PBXFileReference</string>
			<key>lastKnownFileType</key>
			<string>text.plist.strings</string>
			<key>name</key>
			<string>en</string>
			<key>path</key>
			<string>en.lproj/InfoPlist.strings</string>
			<key>sourceTree</key>
			<string>&lt;group&gt;</string>
		</dict>
		<key>48A5CCD01882CEE3000D5841</key>
		<dict>
			<key>fileRef</key>
			<string>48A5CCCE1882CEE3000D5841</string>
			<key>isa</key>
			<string>PBXBuildFile</string>
		</dict>
		<key>48A5CCD11882CEE3000D5841</key>
		<dict>
			<key>isa</key>
			<string>PBXFileReference</string>
			<key>lastKnownFileType</key>
			<string>sourcecode.c.objc</string>
			<key>path</key>
			<string>main.m</string>
			<key>sourceTree</key>
			<string>&lt;group&gt;</string>
		</dict>
		<key>48A5CCD21882CEE3000D5841</key>
		<dict>
			<key>fileRef</key>
			<string>48A5CCD11882CEE3000D5841</string>
			<key>isa</key>
			<string>PBXBuildFile</string>
		</dict>
		<key>48A5CCD31882CEE3000D5841</key>
		<dict>
			<key>isa</key>
			<string>PBXFileReference</string>
			<key>lastKnownFileType</key>
			<string>sourcecode.c.h</string>
			<key>path</key>
			<string>MorseCodeTraining-Prefix.pch</string>
			<key>sourceTree</key>
			<string>&lt;group&gt;</string>
		</dict>
		<key>48A5CCD41882CEE3000D5841</key>
		<dict>
			<key>isa</key>
			<string>PBXFileReference</string>
			<key>lastKnownFileType</key>
			<string>sourcecode.c.h</string>
			<key>path</key>
			<string>MCTAppDelegate.h</string>
			<key>sourceTree</key>
			<string>&lt;group&gt;</string>
		</dict>
		<key>48A5CCD51882CEE3000D5841</key>
		<dict>
			<key>isa</key>
			<string>PBXFileReference</string>
			<key>lastKnownFileType</key>
			<string>sourcecode.c.objc</string>
			<key>path</key>
			<string>MCTAppDelegate.m</string>
			<key>sourceTree</key>
			<string>&lt;group&gt;</string>
		</dict>
		<key>48A5CCD61882CEE3000D5841</key>
		<dict>
			<key>fileRef</key>
			<string>48A5CCD51882CEE3000D5841</string>
			<key>isa</key>
			<string>PBXBuildFile</string>
		</dict>
		<key>48A5CCD71882CEE3000D5841</key>
		<dict>
			<key>children</key>
			<array>
				<string>48A5CCD81882CEE3000D5841</string>
			</array>
			<key>isa</key>
			<string>PBXVariantGroup</string>
			<key>name</key>
			<string>Setting.storyboard</string>
			<key>sourceTree</key>
			<string>&lt;group&gt;</string>
		</dict>
		<key>48A5CCD81882CEE3000D5841</key>
		<dict>
			<key>isa</key>
			<string>PBXFileReference</string>
			<key>lastKnownFileType</key>
			<string>file.storyboard</string>
			<key>name</key>
			<string>Base</string>
			<key>path</key>
			<string>Base.lproj/Setting.storyboard</string>
			<key>sourceTree</key>
			<string>&lt;group&gt;</string>
		</dict>
		<key>48A5CCD91882CEE3000D5841</key>
		<dict>
			<key>fileRef</key>
			<string>48A5CCD71882CEE3000D5841</string>
			<key>isa</key>
			<string>PBXBuildFile</string>
		</dict>
		<key>48A5CCDA1882CEE3000D5841</key>
		<dict>
			<key>isa</key>
			<string>PBXFileReference</string>
			<key>lastKnownFileType</key>
			<string>sourcecode.c.h</string>
			<key>path</key>
			<string>MCTReceiveViewController.h</string>
			<key>sourceTree</key>
			<string>&lt;group&gt;</string>
		</dict>
		<key>48A5CCDB1882CEE3000D5841</key>
		<dict>
			<key>isa</key>
			<string>PBXFileReference</string>
			<key>lastKnownFileType</key>
			<string>sourcecode.c.objc</string>
			<key>path</key>
			<string>MCTReceiveViewController.m</string>
			<key>sourceTree</key>
			<string>&lt;group&gt;</string>
		</dict>
		<key>48A5CCDC1882CEE3000D5841</key>
		<dict>
			<key>fileRef</key>
			<string>48A5CCDB1882CEE3000D5841</string>
			<key>isa</key>
			<string>PBXBuildFile</string>
		</dict>
		<key>48A5CCDD1882CEE3000D5841</key>
		<dict>
			<key>isa</key>
			<string>PBXFileReference</string>
			<key>lastKnownFileType</key>
			<string>folder.assetcatalog</string>
			<key>path</key>
			<string>Images.xcassets</string>
			<key>sourceTree</key>
			<string>&lt;group&gt;</string>
		</dict>
		<key>48A5CCDE1882CEE3000D5841</key>
		<dict>
			<key>fileRef</key>
			<string>48A5CCDD1882CEE3000D5841</string>
			<key>isa</key>
			<string>PBXBuildFile</string>
		</dict>
		<key>48A5CCDF1882CEE4000D5841</key>
		<dict>
			<key>buildActionMask</key>
			<string>2147483647</string>
			<key>files</key>
			<array>
				<string>48A5CD1B188C2F54000D5841</string>
				<string>48A5CCF11882CEE4000D5841</string>
				<string>48A5CD17188C2B96000D5841</string>
				<string>48A5CD09188A828B000D5841</string>
				<string>48A5CD0E188A82DB000D5841</string>
			</array>
			<key>isa</key>
			<string>PBXSourcesBuildPhase</string>
			<key>runOnlyForDeploymentPostprocessing</key>
			<string>0</string>
		</dict>
		<key>48A5CCE01882CEE4000D5841</key>
		<dict>
			<key>buildActionMask</key>
			<string>2147483647</string>
			<key>files</key>
			<array>
				<string>48A5CCE51882CEE4000D5841</string>
				<string>48A5CCE71882CEE4000D5841</string>
				<string>48A5CCE61882CEE4000D5841</string>
			</array>
			<key>isa</key>
			<string>PBXFrameworksBuildPhase</string>
			<key>runOnlyForDeploymentPostprocessing</key>
			<string>0</string>
		</dict>
		<key>48A5CCE11882CEE4000D5841</key>
		<dict>
			<key>buildActionMask</key>
			<string>2147483647</string>
			<key>files</key>
			<array>
				<string>48A5CCEF1882CEE4000D5841</string>
			</array>
			<key>isa</key>
			<string>PBXResourcesBuildPhase</string>
			<key>runOnlyForDeploymentPostprocessing</key>
			<string>0</string>
		</dict>
		<key>48A5CCE21882CEE4000D5841</key>
		<dict>
			<key>buildConfigurationList</key>
			<string>48A5CCF71882CEE4000D5841</string>
			<key>buildPhases</key>
			<array>
				<string>48A5CCDF1882CEE4000D5841</string>
				<string>48A5CCE01882CEE4000D5841</string>
				<string>48A5CCE11882CEE4000D5841</string>
			</array>
			<key>buildRules</key>
			<array/>
			<key>dependencies</key>
			<array>
				<string>48A5CCE91882CEE4000D5841</string>
			</array>
			<key>isa</key>
			<string>PBXNativeTarget</string>
			<key>name</key>
			<string>MorseCodeTrainingTests</string>
			<key>productName</key>
			<string>MorseCodeTrainingTests</string>
			<key>productReference</key>
			<string>48A5CCE31882CEE4000D5841</string>
			<key>productType</key>
			<string>com.apple.product-type.bundle.unit-test</string>
		</dict>
		<key>48A5CCE31882CEE4000D5841</key>
		<dict>
			<key>explicitFileType</key>
			<string>wrapper.cfbundle</string>
			<key>includeInIndex</key>
			<string>0</string>
			<key>isa</key>
			<string>PBXFileReference</string>
			<key>path</key>
			<string>MorseCodeTrainingTests.xctest</string>
			<key>sourceTree</key>
			<string>BUILT_PRODUCTS_DIR</string>
		</dict>
		<key>48A5CCE41882CEE4000D5841</key>
		<dict>
			<key>isa</key>
			<string>PBXFileReference</string>
			<key>lastKnownFileType</key>
			<string>wrapper.framework</string>
			<key>name</key>
			<string>XCTest.framework</string>
			<key>path</key>
			<string>Library/Frameworks/XCTest.framework</string>
			<key>sourceTree</key>
			<string>DEVELOPER_DIR</string>
		</dict>
		<key>48A5CCE51882CEE4000D5841</key>
		<dict>
			<key>fileRef</key>
			<string>48A5CCE41882CEE4000D5841</string>
			<key>isa</key>
			<string>PBXBuildFile</string>
		</dict>
		<key>48A5CCE61882CEE4000D5841</key>
		<dict>
			<key>fileRef</key>
			<string>48A5CCC51882CEE3000D5841</string>
			<key>isa</key>
			<string>PBXBuildFile</string>
		</dict>
		<key>48A5CCE71882CEE4000D5841</key>
		<dict>
			<key>fileRef</key>
			<string>48A5CCC91882CEE3000D5841</string>
			<key>isa</key>
			<string>PBXBuildFile</string>
		</dict>
		<key>48A5CCE81882CEE4000D5841</key>
		<dict>
			<key>containerPortal</key>
			<string>48A5CCBA1882CEE3000D5841</string>
			<key>isa</key>
			<string>PBXContainerItemProxy</string>
			<key>proxyType</key>
			<string>1</string>
			<key>remoteGlobalIDString</key>
			<string>48A5CCC11882CEE3000D5841</string>
			<key>remoteInfo</key>
			<string>MorseCodeTraining</string>
		</dict>
		<key>48A5CCE91882CEE4000D5841</key>
		<dict>
			<key>isa</key>
			<string>PBXTargetDependency</string>
			<key>target</key>
			<string>48A5CCC11882CEE3000D5841</string>
			<key>targetProxy</key>
			<string>48A5CCE81882CEE4000D5841</string>
		</dict>
		<key>48A5CCEA1882CEE4000D5841</key>
		<dict>
			<key>children</key>
			<array>
				<string>48A5CCF01882CEE4000D5841</string>
				<string>48A5CCEB1882CEE4000D5841</string>
			</array>
			<key>isa</key>
			<string>PBXGroup</string>
			<key>path</key>
			<string>MorseCodeTrainingTests</string>
			<key>sourceTree</key>
			<string>&lt;group&gt;</string>
		</dict>
		<key>48A5CCEB1882CEE4000D5841</key>
		<dict>
			<key>children</key>
			<array>
				<string>48A5CCEC1882CEE4000D5841</string>
				<string>48A5CCED1882CEE4000D5841</string>
			</array>
			<key>isa</key>
			<string>PBXGroup</string>
			<key>name</key>
			<string>Supporting Files</string>
			<key>sourceTree</key>
			<string>&lt;group&gt;</string>
		</dict>
		<key>48A5CCEC1882CEE4000D5841</key>
		<dict>
			<key>isa</key>
			<string>PBXFileReference</string>
			<key>lastKnownFileType</key>
			<string>text.plist.xml</string>
			<key>path</key>
			<string>MorseCodeTrainingTests-Info.plist</string>
			<key>sourceTree</key>
			<string>&lt;group&gt;</string>
		</dict>
		<key>48A5CCED1882CEE4000D5841</key>
		<dict>
			<key>children</key>
			<array>
				<string>48A5CCEE1882CEE4000D5841</string>
			</array>
			<key>isa</key>
			<string>PBXVariantGroup</string>
			<key>name</key>
			<string>InfoPlist.strings</string>
			<key>sourceTree</key>
			<string>&lt;group&gt;</string>
		</dict>
		<key>48A5CCEE1882CEE4000D5841</key>
		<dict>
			<key>isa</key>
			<string>PBXFileReference</string>
			<key>lastKnownFileType</key>
			<string>text.plist.strings</string>
			<key>name</key>
			<string>en</string>
			<key>path</key>
			<string>en.lproj/InfoPlist.strings</string>
			<key>sourceTree</key>
			<string>&lt;group&gt;</string>
		</dict>
		<key>48A5CCEF1882CEE4000D5841</key>
		<dict>
			<key>fileRef</key>
			<string>48A5CCED1882CEE4000D5841</string>
			<key>isa</key>
			<string>PBXBuildFile</string>
		</dict>
		<key>48A5CCF01882CEE4000D5841</key>
		<dict>
			<key>isa</key>
			<string>PBXFileReference</string>
			<key>lastKnownFileType</key>
			<string>sourcecode.c.objc</string>
			<key>path</key>
			<string>MorseCodeTrainingTests.m</string>
			<key>sourceTree</key>
			<string>&lt;group&gt;</string>
		</dict>
		<key>48A5CCF11882CEE4000D5841</key>
		<dict>
			<key>fileRef</key>
			<string>48A5CCF01882CEE4000D5841</string>
			<key>isa</key>
			<string>PBXBuildFile</string>
		</dict>
		<key>48A5CCF21882CEE4000D5841</key>
		<dict>
			<key>buildSettings</key>
			<dict>
				<key>ALWAYS_SEARCH_USER_PATHS</key>
				<string>NO</string>
				<key>ARCHS</key>
				<string>$(ARCHS_STANDARD_INCLUDING_64_BIT)</string>
				<key>CLANG_CXX_LANGUAGE_STANDARD</key>
				<string>gnu++0x</string>
				<key>CLANG_CXX_LIBRARY</key>
				<string>libc++</string>
				<key>CLANG_ENABLE_MODULES</key>
				<string>YES</string>
				<key>CLANG_ENABLE_OBJC_ARC</key>
				<string>YES</string>
				<key>CLANG_WARN_BOOL_CONVERSION</key>
				<string>YES</string>
				<key>CLANG_WARN_CONSTANT_CONVERSION</key>
				<string>YES</string>
				<key>CLANG_WARN_DIRECT_OBJC_ISA_USAGE</key>
				<string>YES_ERROR</string>
				<key>CLANG_WARN_EMPTY_BODY</key>
				<string>YES</string>
				<key>CLANG_WARN_ENUM_CONVERSION</key>
				<string>YES</string>
				<key>CLANG_WARN_INT_CONVERSION</key>
				<string>YES</string>
				<key>CLANG_WARN_OBJC_ROOT_CLASS</key>
				<string>YES_ERROR</string>
				<key>CLANG_WARN__DUPLICATE_METHOD_MATCH</key>
				<string>YES</string>
				<key>CODE_SIGN_IDENTITY[sdk=iphoneos*]</key>
				<string>iPhone Developer</string>
				<key>COPY_PHASE_STRIP</key>
				<string>NO</string>
				<key>GCC_C_LANGUAGE_STANDARD</key>
				<string>gnu99</string>
				<key>GCC_DYNAMIC_NO_PIC</key>
				<string>NO</string>
				<key>GCC_OPTIMIZATION_LEVEL</key>
				<string>0</string>
				<key>GCC_PREPROCESSOR_DEFINITIONS</key>
				<array>
					<string>DEBUG=1</string>
					<string>$(inherited)</string>
				</array>
				<key>GCC_SYMBOLS_PRIVATE_EXTERN</key>
				<string>NO</string>
				<key>GCC_WARN_64_TO_32_BIT_CONVERSION</key>
				<string>YES</string>
				<key>GCC_WARN_ABOUT_RETURN_TYPE</key>
				<string>YES_ERROR</string>
				<key>GCC_WARN_UNDECLARED_SELECTOR</key>
				<string>YES</string>
				<key>GCC_WARN_UNINITIALIZED_AUTOS</key>
				<string>YES</string>
				<key>GCC_WARN_UNUSED_FUNCTION</key>
				<string>YES</string>
				<key>GCC_WARN_UNUSED_VARIABLE</key>
				<string>YES</string>
				<key>IPHONEOS_DEPLOYMENT_TARGET</key>
				<string>7.0</string>
				<key>ONLY_ACTIVE_ARCH</key>
				<string>YES</string>
				<key>SDKROOT</key>
				<string>iphoneos</string>
			</dict>
			<key>isa</key>
			<string>XCBuildConfiguration</string>
			<key>name</key>
			<string>Debug</string>
		</dict>
		<key>48A5CCF31882CEE4000D5841</key>
		<dict>
			<key>buildSettings</key>
			<dict>
				<key>ALWAYS_SEARCH_USER_PATHS</key>
				<string>NO</string>
				<key>ARCHS</key>
				<string>$(ARCHS_STANDARD_INCLUDING_64_BIT)</string>
				<key>CLANG_CXX_LANGUAGE_STANDARD</key>
				<string>gnu++0x</string>
				<key>CLANG_CXX_LIBRARY</key>
				<string>libc++</string>
				<key>CLANG_ENABLE_MODULES</key>
				<string>YES</string>
				<key>CLANG_ENABLE_OBJC_ARC</key>
				<string>YES</string>
				<key>CLANG_WARN_BOOL_CONVERSION</key>
				<string>YES</string>
				<key>CLANG_WARN_CONSTANT_CONVERSION</key>
				<string>YES</string>
				<key>CLANG_WARN_DIRECT_OBJC_ISA_USAGE</key>
				<string>YES_ERROR</string>
				<key>CLANG_WARN_EMPTY_BODY</key>
				<string>YES</string>
				<key>CLANG_WARN_ENUM_CONVERSION</key>
				<string>YES</string>
				<key>CLANG_WARN_INT_CONVERSION</key>
				<string>YES</string>
				<key>CLANG_WARN_OBJC_ROOT_CLASS</key>
				<string>YES_ERROR</string>
				<key>CLANG_WARN__DUPLICATE_METHOD_MATCH</key>
				<string>YES</string>
				<key>CODE_SIGN_IDENTITY[sdk=iphoneos*]</key>
				<string>iPhone Developer</string>
				<key>COPY_PHASE_STRIP</key>
				<string>YES</string>
				<key>ENABLE_NS_ASSERTIONS</key>
				<string>NO</string>
				<key>GCC_C_LANGUAGE_STANDARD</key>
				<string>gnu99</string>
				<key>GCC_WARN_64_TO_32_BIT_CONVERSION</key>
				<string>YES</string>
				<key>GCC_WARN_ABOUT_RETURN_TYPE</key>
				<string>YES_ERROR</string>
				<key>GCC_WARN_UNDECLARED_SELECTOR</key>
				<string>YES</string>
				<key>GCC_WARN_UNINITIALIZED_AUTOS</key>
				<string>YES</string>
				<key>GCC_WARN_UNUSED_FUNCTION</key>
				<string>YES</string>
				<key>GCC_WARN_UNUSED_VARIABLE</key>
				<string>YES</string>
				<key>IPHONEOS_DEPLOYMENT_TARGET</key>
				<string>7.0</string>
				<key>SDKROOT</key>
				<string>iphoneos</string>
				<key>VALIDATE_PRODUCT</key>
				<string>YES</string>
			</dict>
			<key>isa</key>
			<string>XCBuildConfiguration</string>
			<key>name</key>
			<string>Release</string>
		</dict>
		<key>48A5CCF41882CEE4000D5841</key>
		<dict>
			<key>buildConfigurations</key>
			<array>
				<string>48A5CCF51882CEE4000D5841</string>
				<string>48A5CCF61882CEE4000D5841</string>
			</array>
			<key>defaultConfigurationIsVisible</key>
			<string>0</string>
			<key>defaultConfigurationName</key>
			<string>Release</string>
			<key>isa</key>
			<string>XCConfigurationList</string>
		</dict>
		<key>48A5CCF51882CEE4000D5841</key>
		<dict>
			<key>baseConfigurationReference</key>
			<string>42632E9AA3834F6D9EFC077C</string>
			<key>buildSettings</key>
			<dict>
				<key>ASSETCATALOG_COMPILER_APPICON_NAME</key>
				<string>AppIcon</string>
				<key>ASSETCATALOG_COMPILER_LAUNCHIMAGE_NAME</key>
				<string>LaunchImage</string>
				<key>GCC_PRECOMPILE_PREFIX_HEADER</key>
				<string>YES</string>
				<key>GCC_PREFIX_HEADER</key>
				<string>MorseCodeTraining/MorseCodeTraining-Prefix.pch</string>
				<key>INFOPLIST_FILE</key>
				<string>MorseCodeTraining/MorseCodeTraining-Info.plist</string>
				<key>PRODUCT_NAME</key>
				<string>$(TARGET_NAME)</string>
				<key>WRAPPER_EXTENSION</key>
				<string>app</string>
			</dict>
			<key>isa</key>
			<string>XCBuildConfiguration</string>
			<key>name</key>
			<string>Debug</string>
		</dict>
		<key>48A5CCF61882CEE4000D5841</key>
		<dict>
			<key>baseConfigurationReference</key>
			<string>42632E9AA3834F6D9EFC077C</string>
			<key>buildSettings</key>
			<dict>
				<key>ASSETCATALOG_COMPILER_APPICON_NAME</key>
				<string>AppIcon</string>
				<key>ASSETCATALOG_COMPILER_LAUNCHIMAGE_NAME</key>
				<string>LaunchImage</string>
				<key>GCC_PRECOMPILE_PREFIX_HEADER</key>
				<string>YES</string>
				<key>GCC_PREFIX_HEADER</key>
				<string>MorseCodeTraining/MorseCodeTraining-Prefix.pch</string>
				<key>INFOPLIST_FILE</key>
				<string>MorseCodeTraining/MorseCodeTraining-Info.plist</string>
				<key>PRODUCT_NAME</key>
				<string>$(TARGET_NAME)</string>
				<key>WRAPPER_EXTENSION</key>
				<string>app</string>
			</dict>
			<key>isa</key>
			<string>XCBuildConfiguration</string>
			<key>name</key>
			<string>Release</string>
		</dict>
		<key>48A5CCF71882CEE4000D5841</key>
		<dict>
			<key>buildConfigurations</key>
			<array>
				<string>48A5CCF81882CEE4000D5841</string>
				<string>48A5CCF91882CEE4000D5841</string>
			</array>
			<key>defaultConfigurationIsVisible</key>
			<string>0</string>
			<key>defaultConfigurationName</key>
			<string>Release</string>
			<key>isa</key>
			<string>XCConfigurationList</string>
		</dict>
		<key>48A5CCF81882CEE4000D5841</key>
		<dict>
			<key>buildSettings</key>
			<dict>
				<key>ARCHS</key>
				<string>$(ARCHS_STANDARD_INCLUDING_64_BIT)</string>
				<key>BUNDLE_LOADER</key>
				<string>$(BUILT_PRODUCTS_DIR)/MorseCodeTraining.app/MorseCodeTraining</string>
				<key>FRAMEWORK_SEARCH_PATHS</key>
				<array>
					<string>$(SDKROOT)/Developer/Library/Frameworks</string>
					<string>$(inherited)</string>
					<string>$(DEVELOPER_FRAMEWORKS_DIR)</string>
				</array>
				<key>GCC_PRECOMPILE_PREFIX_HEADER</key>
				<string>YES</string>
				<key>GCC_PREFIX_HEADER</key>
				<string>MorseCodeTraining/MorseCodeTraining-Prefix.pch</string>
				<key>GCC_PREPROCESSOR_DEFINITIONS</key>
				<array>
					<string>DEBUG=1</string>
					<string>$(inherited)</string>
				</array>
				<key>INFOPLIST_FILE</key>
				<string>MorseCodeTrainingTests/MorseCodeTrainingTests-Info.plist</string>
				<key>PRODUCT_NAME</key>
				<string>$(TARGET_NAME)</string>
				<key>TEST_HOST</key>
				<string>$(BUNDLE_LOADER)</string>
				<key>WRAPPER_EXTENSION</key>
				<string>xctest</string>
			</dict>
			<key>isa</key>
			<string>XCBuildConfiguration</string>
			<key>name</key>
			<string>Debug</string>
		</dict>
		<key>48A5CCF91882CEE4000D5841</key>
		<dict>
			<key>buildSettings</key>
			<dict>
				<key>ARCHS</key>
				<string>$(ARCHS_STANDARD_INCLUDING_64_BIT)</string>
				<key>BUNDLE_LOADER</key>
				<string>$(BUILT_PRODUCTS_DIR)/MorseCodeTraining.app/MorseCodeTraining</string>
				<key>FRAMEWORK_SEARCH_PATHS</key>
				<array>
					<string>$(SDKROOT)/Developer/Library/Frameworks</string>
					<string>$(inherited)</string>
					<string>$(DEVELOPER_FRAMEWORKS_DIR)</string>
				</array>
				<key>GCC_PRECOMPILE_PREFIX_HEADER</key>
				<string>YES</string>
				<key>GCC_PREFIX_HEADER</key>
				<string>MorseCodeTraining/MorseCodeTraining-Prefix.pch</string>
				<key>INFOPLIST_FILE</key>
				<string>MorseCodeTrainingTests/MorseCodeTrainingTests-Info.plist</string>
				<key>PRODUCT_NAME</key>
				<string>$(TARGET_NAME)</string>
				<key>TEST_HOST</key>
				<string>$(BUNDLE_LOADER)</string>
				<key>WRAPPER_EXTENSION</key>
				<string>xctest</string>
			</dict>
			<key>isa</key>
			<string>XCBuildConfiguration</string>
			<key>name</key>
			<string>Release</string>
		</dict>
		<key>48A5CCFA188433AD000D5841</key>
		<dict>
			<key>children</key>
			<array>
				<string>48A5CCD41882CEE3000D5841</string>
				<string>48A5CCD51882CEE3000D5841</string>
				<string>481258E418993D0B00CE1A99</string>
				<string>48A5CD11188C2B4C000D5841</string>
				<string>48A5CD05188A8256000D5841</string>
				<string>48A5CCFB188433BC000D5841</string>
			</array>
			<key>isa</key>
			<string>PBXGroup</string>
			<key>name</key>
			<string>Classes</string>
			<key>sourceTree</key>
			<string>&lt;group&gt;</string>
		</dict>
		<key>48A5CCFB188433BC000D5841</key>
		<dict>
			<key>children</key>
			<array>
				<string>48A5CCFC188434F7000D5841</string>
				<string>48A5CCFD188434F7000D5841</string>
			</array>
			<key>isa</key>
			<string>PBXGroup</string>
			<key>name</key>
			<string>Extensions</string>
			<key>sourceTree</key>
			<string>&lt;group&gt;</string>
		</dict>
		<key>48A5CCFC188434F7000D5841</key>
		<dict>
			<key>fileEncoding</key>
			<string>4</string>
			<key>isa</key>
			<string>PBXFileReference</string>
			<key>lastKnownFileType</key>
			<string>sourcecode.c.h</string>
			<key>path</key>
			<string>NSString+MorseCode.h</string>
			<key>sourceTree</key>
			<string>&lt;group&gt;</string>
		</dict>
		<key>48A5CCFD188434F7000D5841</key>
		<dict>
			<key>fileEncoding</key>
			<string>4</string>
			<key>isa</key>
			<string>PBXFileReference</string>
			<key>lastKnownFileType</key>
			<string>sourcecode.c.objc</string>
			<key>path</key>
			<string>NSString+MorseCode.m</string>
			<key>sourceTree</key>
			<string>&lt;group&gt;</string>
		</dict>
		<key>48A5CCFE188434F7000D5841</key>
		<dict>
			<key>fileRef</key>
			<string>48A5CCFD188434F7000D5841</string>
			<key>isa</key>
			<string>PBXBuildFile</string>
		</dict>
		<key>48A5CD05188A8256000D5841</key>
		<dict>
			<key>children</key>
			<array>
				<string>48A5CD06188A828B000D5841</string>
				<string>48A5CD07188A828B000D5841</string>
			</array>
			<key>isa</key>
			<string>PBXGroup</string>
			<key>name</key>
			<string>Player</string>
			<key>sourceTree</key>
			<string>&lt;group&gt;</string>
		</dict>
		<key>48A5CD06188A828B000D5841</key>
		<dict>
			<key>fileEncoding</key>
			<string>4</string>
			<key>isa</key>
			<string>PBXFileReference</string>
			<key>lastKnownFileType</key>
			<string>sourcecode.c.h</string>
			<key>path</key>
			<string>MCTMorseCodePlayer.h</string>
			<key>sourceTree</key>
			<string>&lt;group&gt;</string>
		</dict>
		<key>48A5CD07188A828B000D5841</key>
		<dict>
			<key>fileEncoding</key>
			<string>4</string>
			<key>isa</key>
			<string>PBXFileReference</string>
			<key>lastKnownFileType</key>
			<string>sourcecode.c.objc</string>
			<key>path</key>
			<string>MCTMorseCodePlayer.m</string>
			<key>sourceTree</key>
			<string>&lt;group&gt;</string>
		</dict>
		<key>48A5CD08188A828B000D5841</key>
		<dict>
			<key>fileRef</key>
			<string>48A5CD07188A828B000D5841</string>
			<key>isa</key>
			<string>PBXBuildFile</string>
		</dict>
		<key>48A5CD09188A828B000D5841</key>
		<dict>
			<key>fileRef</key>
			<string>48A5CD07188A828B000D5841</string>
			<key>isa</key>
			<string>PBXBuildFile</string>
		</dict>
		<key>48A5CD0E188A82DB000D5841</key>
		<dict>
			<key>fileRef</key>
			<string>48A5CCFD188434F7000D5841</string>
			<key>isa</key>
			<string>PBXBuildFile</string>
		</dict>
		<key>48A5CD0F188BC297000D5841</key>
		<dict>
			<key>isa</key>
			<string>PBXFileReference</string>
			<key>lastKnownFileType</key>
			<string>wrapper.framework</string>
			<key>name</key>
			<string>AVFoundation.framework</string>
			<key>path</key>
			<string>System/Library/Frameworks/AVFoundation.framework</string>
			<key>sourceTree</key>
			<string>SDKROOT</string>
		</dict>
		<key>48A5CD10188BC297000D5841</key>
		<dict>
			<key>fileRef</key>
			<string>48A5CD0F188BC297000D5841</string>
			<key>isa</key>
			<string>PBXBuildFile</string>
		</dict>
		<key>48A5CD11188C2B4C000D5841</key>
		<dict>
			<key>children</key>
			<array>
				<string>48A5CCDA1882CEE3000D5841</string>
				<string>48A5CCDB1882CEE3000D5841</string>
				<string>48A5CD18188C2F54000D5841</string>
				<string>48A5CD19188C2F54000D5841</string>
			</array>
			<key>isa</key>
			<string>PBXGroup</string>
			<key>name</key>
			<string>ViewController</string>
			<key>sourceTree</key>
			<string>&lt;group&gt;</string>
		</dict>
		<key>48A5CD17188C2B96000D5841</key>
		<dict>
			<key>fileRef</key>
			<string>48A5CCDB1882CEE3000D5841</string>
			<key>isa</key>
			<string>PBXBuildFile</string>
		</dict>
		<key>48A5CD18188C2F54000D5841</key>
		<dict>
			<key>fileEncoding</key>
			<string>4</string>
			<key>isa</key>
			<string>PBXFileReference</string>
			<key>lastKnownFileType</key>
			<string>sourcecode.c.h</string>
			<key>path</key>
			<string>MCTSettingViewController.h</string>
			<key>sourceTree</key>
			<string>&lt;group&gt;</string>
		</dict>
		<key>48A5CD19188C2F54000D5841</key>
		<dict>
			<key>fileEncoding</key>
			<string>4</string>
			<key>isa</key>
			<string>PBXFileReference</string>
			<key>lastKnownFileType</key>
			<string>sourcecode.c.objc</string>
			<key>path</key>
			<string>MCTSettingViewController.m</string>
			<key>sourceTree</key>
			<string>&lt;group&gt;</string>
		</dict>
		<key>48A5CD1A188C2F54000D5841</key>
		<dict>
			<key>fileRef</key>
			<string>48A5CD19188C2F54000D5841</string>
			<key>isa</key>
			<string>PBXBuildFile</string>
		</dict>
		<key>48A5CD1B188C2F54000D5841</key>
		<dict>
			<key>fileRef</key>
			<string>48A5CD19188C2F54000D5841</string>
			<key>isa</key>
			<string>PBXBuildFile</string>
		</dict>
		<key>626328A1DD38415E91FF4408</key>
		<dict>
			<key>explicitFileType</key>
			<string>archive.ar</string>
			<key>includeInIndex</key>
			<string>0</string>
			<key>isa</key>
			<string>PBXFileReference</string>
			<key>path</key>
			<string>libPods.a</string>
			<key>sourceTree</key>
			<string>BUILT_PRODUCTS_DIR</string>
		</dict>
		<key>803C8B3E268E40C2B1A3AAD1</key>
		<dict>
			<key>buildActionMask</key>
			<string>2147483647</string>
			<key>files</key>
			<array/>
			<key>inputPaths</key>
			<array/>
			<key>isa</key>
			<string>PBXShellScriptBuildPhase</string>
			<key>name</key>
			<string>Copy Pods Resources</string>
			<key>outputPaths</key>
			<array/>
			<key>runOnlyForDeploymentPostprocessing</key>
			<string>0</string>
			<key>shellPath</key>
			<string>/bin/sh</string>
			<key>shellScript</key>
			<string>"${SRCROOT}/Pods/Pods-resources.sh"
</string>
			<key>showEnvVarsInLog</key>
			<string>0</string>
		</dict>
		<key>A0E95F58259E49C8BB07867B</key>
		<dict>
			<key>buildActionMask</key>
			<string>2147483647</string>
			<key>files</key>
			<array/>
			<key>inputPaths</key>
			<array/>
			<key>isa</key>
			<string>PBXShellScriptBuildPhase</string>
			<key>name</key>
			<string>Check Pods Manifest.lock</string>
			<key>outputPaths</key>
			<array/>
			<key>runOnlyForDeploymentPostprocessing</key>
			<string>0</string>
			<key>shellPath</key>
			<string>/bin/sh</string>
			<key>shellScript</key>
			<string>diff "${PODS_ROOT}/../Podfile.lock" "${PODS_ROOT}/Manifest.lock" &gt; /dev/null
if [[ $? != 0 ]] ; then
    cat &lt;&lt; EOM
error: The sandbox is not in sync with the Podfile.lock. Run 'pod install' or update your CocoaPods installation.
EOM
    exit 1
fi
</string>
			<key>showEnvVarsInLog</key>
			<string>0</string>
		</dict>
		<key>B7550C5ECC7A449ABACE6F2C</key>
		<dict>
			<key>fileRef</key>
			<string>626328A1DD38415E91FF4408</string>
			<key>isa</key>
			<string>PBXBuildFile</string>
		</dict>
	</dict>
	<key>rootObject</key>
	<string>48A5CCBA1882CEE3000D5841</string>
</dict>
</plist>
